// !$*UTF8*$!
{
	archiveVersion = 1;
	classes = {
	};
	objectVersion = 56;
	objects = {

/* Begin PBXBuildFile section */
		1C007B372AD2E94A00BED4ED /* Validator.swift in Sources */ = {isa = PBXBuildFile; fileRef = 1C007B362AD2E94A00BED4ED /* Validator.swift */; };
		1C007B392AD2F75900BED4ED /* AlertManager.swift in Sources */ = {isa = PBXBuildFile; fileRef = 1C007B382AD2F75900BED4ED /* AlertManager.swift */; };
		1C007B3D2AD3020600BED4ED /* NewViewController.swift in Sources */ = {isa = PBXBuildFile; fileRef = 1C007B3B2AD3020600BED4ED /* NewViewController.swift */; };
		1C007B3E2AD3020600BED4ED /* NewViewController.xib in Resources */ = {isa = PBXBuildFile; fileRef = 1C007B3C2AD3020600BED4ED /* NewViewController.xib */; };
		1C02085E2AD013BF0094F29E /* GoogleService-Info.plist in Resources */ = {isa = PBXBuildFile; fileRef = 1C02085D2AD013BF0094F29E /* GoogleService-Info.plist */; };
		1C09E5A22AD043C300C81723 /* AuthService.swift in Sources */ = {isa = PBXBuildFile; fileRef = 1C09E5A12AD043C300C81723 /* AuthService.swift */; };
		1C09E5A52AD0486A00C81723 /* RegisterUserRequest.swift in Sources */ = {isa = PBXBuildFile; fileRef = 1C09E5A42AD0486A00C81723 /* RegisterUserRequest.swift */; };
		1C113F5F2ACAC5B10010E79F /* Slide.swift in Sources */ = {isa = PBXBuildFile; fileRef = 1C113F5E2ACAC5B10010E79F /* Slide.swift */; };
		1C113F612ACAC5E40010E79F /* Slide.xib in Resources */ = {isa = PBXBuildFile; fileRef = 1C113F602ACAC5E40010E79F /* Slide.xib */; };
		1C1E9A112ACAA29F009824D5 /* WelcomeViewController.swift in Sources */ = {isa = PBXBuildFile; fileRef = 1C1E9A0F2ACAA29F009824D5 /* WelcomeViewController.swift */; };
		1C1E9A122ACAA29F009824D5 /* WelcomeViewController.xib in Resources */ = {isa = PBXBuildFile; fileRef = 1C1E9A102ACAA29F009824D5 /* WelcomeViewController.xib */; };
		1C1E9A152ACAA313009824D5 /* NSObject+Extension.swift in Sources */ = {isa = PBXBuildFile; fileRef = 1C1E9A142ACAA313009824D5 /* NSObject+Extension.swift */; };
		1C1E9A182ACAA4CF009824D5 /* AppImages.swift in Sources */ = {isa = PBXBuildFile; fileRef = 1C1E9A172ACAA4CF009824D5 /* AppImages.swift */; };
		1C5F60D12ACBCA87001D1391 /* LoginViewController.swift in Sources */ = {isa = PBXBuildFile; fileRef = 1C5F60CF2ACBCA87001D1391 /* LoginViewController.swift */; };
		1C5F60D22ACBCA87001D1391 /* LoginViewController.xib in Resources */ = {isa = PBXBuildFile; fileRef = 1C5F60D02ACBCA87001D1391 /* LoginViewController.xib */; };
		1C5F60D42ACBF0DB001D1391 /* TTHoves-DemiBold.ttf in Resources */ = {isa = PBXBuildFile; fileRef = 1C5F60D32ACBF0DB001D1391 /* TTHoves-DemiBold.ttf */; };
		1C74AF552ACB1139001C28E3 /* WelcomeScreenSlideCollectionViewCell.swift in Sources */ = {isa = PBXBuildFile; fileRef = 1C74AF532ACB1139001C28E3 /* WelcomeScreenSlideCollectionViewCell.swift */; };
		1C74AF562ACB1139001C28E3 /* WelcomeScreenSlideCollectionViewCell.xib in Resources */ = {isa = PBXBuildFile; fileRef = 1C74AF542ACB1139001C28E3 /* WelcomeScreenSlideCollectionViewCell.xib */; };
		1C74AF582ACB375F001C28E3 /* Fontspring-DEMO-biennale-medium.otf in Resources */ = {isa = PBXBuildFile; fileRef = 1C74AF572ACB375F001C28E3 /* Fontspring-DEMO-biennale-medium.otf */; };
		1C7D63C22ACAB2A400E26C51 /* Inter-Medium.ttf in Resources */ = {isa = PBXBuildFile; fileRef = 1C7D63C02ACAB2A400E26C51 /* Inter-Medium.ttf */; };
		1C7D63C32ACAB2A400E26C51 /* Inter-Thin.ttf in Resources */ = {isa = PBXBuildFile; fileRef = 1C7D63C12ACAB2A400E26C51 /* Inter-Thin.ttf */; };
		1C84296C2AD07EFA00D265F8 /* LoginUserRequest.swift in Sources */ = {isa = PBXBuildFile; fileRef = 1C84296B2AD07EFA00D265F8 /* LoginUserRequest.swift */; };
		1C95DF3F2AD3B9A700304DEF /* UIColor+Extension.swift in Sources */ = {isa = PBXBuildFile; fileRef = 1C95DF3E2AD3B9A700304DEF /* UIColor+Extension.swift */; };
		1C95DF412AD3B9E800304DEF /* AppColors.swift in Sources */ = {isa = PBXBuildFile; fileRef = 1C95DF402AD3B9E800304DEF /* AppColors.swift */; };
		1C9886CF2ACD8692001750CF /* SignUpViewController.swift in Sources */ = {isa = PBXBuildFile; fileRef = 1C9886CD2ACD8692001750CF /* SignUpViewController.swift */; };
		1C9886D02ACD8692001750CF /* SignUpViewController.xib in Resources */ = {isa = PBXBuildFile; fileRef = 1C9886CE2ACD8692001750CF /* SignUpViewController.xib */; };
		1CC6BCD62ACFEDA2007AB99D /* BaseViewController.swift in Sources */ = {isa = PBXBuildFile; fileRef = 1CC6BCD52ACFEDA2007AB99D /* BaseViewController.swift */; };
		490956B02AC412880067EF05 /* AppDelegate.swift in Sources */ = {isa = PBXBuildFile; fileRef = 490956AF2AC412880067EF05 /* AppDelegate.swift */; };
		490956B22AC412880067EF05 /* SceneDelegate.swift in Sources */ = {isa = PBXBuildFile; fileRef = 490956B12AC412880067EF05 /* SceneDelegate.swift */; };
		490956B42AC412880067EF05 /* ViewController.swift in Sources */ = {isa = PBXBuildFile; fileRef = 490956B32AC412880067EF05 /* ViewController.swift */; };
		490956B72AC412880067EF05 /* Main.storyboard in Resources */ = {isa = PBXBuildFile; fileRef = 490956B52AC412880067EF05 /* Main.storyboard */; };
		490956BA2AC412880067EF05 /* DuplicatedApps.xcdatamodeld in Sources */ = {isa = PBXBuildFile; fileRef = 490956B82AC412880067EF05 /* DuplicatedApps.xcdatamodeld */; };
		490956BC2AC412880067EF05 /* Assets.xcassets in Resources */ = {isa = PBXBuildFile; fileRef = 490956BB2AC412880067EF05 /* Assets.xcassets */; };
		490956BF2AC412880067EF05 /* LaunchScreen.storyboard in Resources */ = {isa = PBXBuildFile; fileRef = 490956BD2AC412880067EF05 /* LaunchScreen.storyboard */; };
		CDDD9B5896B18D4955D8911A /* Pods_DuplicatedApps.framework in Frameworks */ = {isa = PBXBuildFile; fileRef = F6121DC98738B32C2F37993C /* Pods_DuplicatedApps.framework */; };
/* End PBXBuildFile section */

/* Begin PBXFileReference section */
		032C4A4164A655EEA1528E03 /* Pods-DuplicatedApps.debug.xcconfig */ = {isa = PBXFileReference; includeInIndex = 1; lastKnownFileType = text.xcconfig; name = "Pods-DuplicatedApps.debug.xcconfig"; path = "Target Support Files/Pods-DuplicatedApps/Pods-DuplicatedApps.debug.xcconfig"; sourceTree = "<group>"; };
		1C007B362AD2E94A00BED4ED /* Validator.swift */ = {isa = PBXFileReference; lastKnownFileType = sourcecode.swift; path = Validator.swift; sourceTree = "<group>"; };
		1C007B382AD2F75900BED4ED /* AlertManager.swift */ = {isa = PBXFileReference; lastKnownFileType = sourcecode.swift; path = AlertManager.swift; sourceTree = "<group>"; };
		1C007B3B2AD3020600BED4ED /* NewViewController.swift */ = {isa = PBXFileReference; lastKnownFileType = sourcecode.swift; path = NewViewController.swift; sourceTree = "<group>"; };
		1C007B3C2AD3020600BED4ED /* NewViewController.xib */ = {isa = PBXFileReference; lastKnownFileType = file.xib; path = NewViewController.xib; sourceTree = "<group>"; };
		1C02085D2AD013BF0094F29E /* GoogleService-Info.plist */ = {isa = PBXFileReference; fileEncoding = 4; lastKnownFileType = text.plist.xml; path = "GoogleService-Info.plist"; sourceTree = "<group>"; };
		1C09E5A12AD043C300C81723 /* AuthService.swift */ = {isa = PBXFileReference; lastKnownFileType = sourcecode.swift; path = AuthService.swift; sourceTree = "<group>"; };
		1C09E5A42AD0486A00C81723 /* RegisterUserRequest.swift */ = {isa = PBXFileReference; lastKnownFileType = sourcecode.swift; path = RegisterUserRequest.swift; sourceTree = "<group>"; };
		1C113F5E2ACAC5B10010E79F /* Slide.swift */ = {isa = PBXFileReference; lastKnownFileType = sourcecode.swift; path = Slide.swift; sourceTree = "<group>"; };
		1C113F602ACAC5E40010E79F /* Slide.xib */ = {isa = PBXFileReference; lastKnownFileType = file.xib; path = Slide.xib; sourceTree = "<group>"; };
		1C1E9A0F2ACAA29F009824D5 /* WelcomeViewController.swift */ = {isa = PBXFileReference; lastKnownFileType = sourcecode.swift; path = WelcomeViewController.swift; sourceTree = "<group>"; };
		1C1E9A102ACAA29F009824D5 /* WelcomeViewController.xib */ = {isa = PBXFileReference; lastKnownFileType = file.xib; path = WelcomeViewController.xib; sourceTree = "<group>"; };
		1C1E9A142ACAA313009824D5 /* NSObject+Extension.swift */ = {isa = PBXFileReference; lastKnownFileType = sourcecode.swift; path = "NSObject+Extension.swift"; sourceTree = "<group>"; };
		1C1E9A172ACAA4CF009824D5 /* AppImages.swift */ = {isa = PBXFileReference; lastKnownFileType = sourcecode.swift; path = AppImages.swift; sourceTree = "<group>"; };
		1C5F60CF2ACBCA87001D1391 /* LoginViewController.swift */ = {isa = PBXFileReference; lastKnownFileType = sourcecode.swift; path = LoginViewController.swift; sourceTree = "<group>"; };
		1C5F60D02ACBCA87001D1391 /* LoginViewController.xib */ = {isa = PBXFileReference; lastKnownFileType = file.xib; path = LoginViewController.xib; sourceTree = "<group>"; };
		1C5F60D32ACBF0DB001D1391 /* TTHoves-DemiBold.ttf */ = {isa = PBXFileReference; lastKnownFileType = file; path = "TTHoves-DemiBold.ttf"; sourceTree = "<group>"; };
		1C74AF532ACB1139001C28E3 /* WelcomeScreenSlideCollectionViewCell.swift */ = {isa = PBXFileReference; lastKnownFileType = sourcecode.swift; path = WelcomeScreenSlideCollectionViewCell.swift; sourceTree = "<group>"; };
		1C74AF542ACB1139001C28E3 /* WelcomeScreenSlideCollectionViewCell.xib */ = {isa = PBXFileReference; lastKnownFileType = file.xib; path = WelcomeScreenSlideCollectionViewCell.xib; sourceTree = "<group>"; };
		1C74AF572ACB375F001C28E3 /* Fontspring-DEMO-biennale-medium.otf */ = {isa = PBXFileReference; lastKnownFileType = file; path = "Fontspring-DEMO-biennale-medium.otf"; sourceTree = "<group>"; };
		1C7D63C02ACAB2A400E26C51 /* Inter-Medium.ttf */ = {isa = PBXFileReference; lastKnownFileType = file; path = "Inter-Medium.ttf"; sourceTree = "<group>"; };
		1C7D63C12ACAB2A400E26C51 /* Inter-Thin.ttf */ = {isa = PBXFileReference; lastKnownFileType = file; path = "Inter-Thin.ttf"; sourceTree = "<group>"; };
		1C84296B2AD07EFA00D265F8 /* LoginUserRequest.swift */ = {isa = PBXFileReference; lastKnownFileType = sourcecode.swift; path = LoginUserRequest.swift; sourceTree = "<group>"; };
		1C95DF3E2AD3B9A700304DEF /* UIColor+Extension.swift */ = {isa = PBXFileReference; lastKnownFileType = sourcecode.swift; path = "UIColor+Extension.swift"; sourceTree = "<group>"; };
		1C95DF402AD3B9E800304DEF /* AppColors.swift */ = {isa = PBXFileReference; lastKnownFileType = sourcecode.swift; path = AppColors.swift; sourceTree = "<group>"; };
		1C9886CD2ACD8692001750CF /* SignUpViewController.swift */ = {isa = PBXFileReference; lastKnownFileType = sourcecode.swift; path = SignUpViewController.swift; sourceTree = "<group>"; };
		1C9886CE2ACD8692001750CF /* SignUpViewController.xib */ = {isa = PBXFileReference; lastKnownFileType = file.xib; path = SignUpViewController.xib; sourceTree = "<group>"; };
		1CC6BCD52ACFEDA2007AB99D /* BaseViewController.swift */ = {isa = PBXFileReference; lastKnownFileType = sourcecode.swift; path = BaseViewController.swift; sourceTree = "<group>"; };
		490956AC2AC412880067EF05 /* DuplicatedApps.app */ = {isa = PBXFileReference; explicitFileType = wrapper.application; includeInIndex = 0; path = DuplicatedApps.app; sourceTree = BUILT_PRODUCTS_DIR; };
		490956AF2AC412880067EF05 /* AppDelegate.swift */ = {isa = PBXFileReference; lastKnownFileType = sourcecode.swift; path = AppDelegate.swift; sourceTree = "<group>"; };
		490956B12AC412880067EF05 /* SceneDelegate.swift */ = {isa = PBXFileReference; lastKnownFileType = sourcecode.swift; path = SceneDelegate.swift; sourceTree = "<group>"; };
		490956B32AC412880067EF05 /* ViewController.swift */ = {isa = PBXFileReference; lastKnownFileType = sourcecode.swift; path = ViewController.swift; sourceTree = "<group>"; };
		490956B62AC412880067EF05 /* Base */ = {isa = PBXFileReference; lastKnownFileType = file.storyboard; name = Base; path = Base.lproj/Main.storyboard; sourceTree = "<group>"; };
		490956B92AC412880067EF05 /* DuplicatedApps.xcdatamodel */ = {isa = PBXFileReference; lastKnownFileType = wrapper.xcdatamodel; path = DuplicatedApps.xcdatamodel; sourceTree = "<group>"; };
		490956BB2AC412880067EF05 /* Assets.xcassets */ = {isa = PBXFileReference; lastKnownFileType = folder.assetcatalog; path = Assets.xcassets; sourceTree = "<group>"; };
		490956BE2AC412880067EF05 /* Base */ = {isa = PBXFileReference; lastKnownFileType = file.storyboard; name = Base; path = Base.lproj/LaunchScreen.storyboard; sourceTree = "<group>"; };
		490956C02AC412880067EF05 /* Info.plist */ = {isa = PBXFileReference; lastKnownFileType = text.plist.xml; path = Info.plist; sourceTree = "<group>"; };
		523EF925768B00070C3F7638 /* Pods-DuplicatedApps.release.xcconfig */ = {isa = PBXFileReference; includeInIndex = 1; lastKnownFileType = text.xcconfig; name = "Pods-DuplicatedApps.release.xcconfig"; path = "Target Support Files/Pods-DuplicatedApps/Pods-DuplicatedApps.release.xcconfig"; sourceTree = "<group>"; };
		F6121DC98738B32C2F37993C /* Pods_DuplicatedApps.framework */ = {isa = PBXFileReference; explicitFileType = wrapper.framework; includeInIndex = 0; path = Pods_DuplicatedApps.framework; sourceTree = BUILT_PRODUCTS_DIR; };
/* End PBXFileReference section */

/* Begin PBXFrameworksBuildPhase section */
		490956A92AC412880067EF05 /* Frameworks */ = {
			isa = PBXFrameworksBuildPhase;
			buildActionMask = 2147483647;
			files = (
				CDDD9B5896B18D4955D8911A /* Pods_DuplicatedApps.framework in Frameworks */,
			);
			runOnlyForDeploymentPostprocessing = 0;
		};
/* End PBXFrameworksBuildPhase section */

/* Begin PBXGroup section */
		1C007B3A2AD301ED00BED4ED /* NewViewController */ = {
			isa = PBXGroup;
			children = (
				1C007B3B2AD3020600BED4ED /* NewViewController.swift */,
				1C007B3C2AD3020600BED4ED /* NewViewController.xib */,
			);
			path = NewViewController;
			sourceTree = "<group>";
		};
		1C09E5A02AD0439D00C81723 /* Auth */ = {
			isa = PBXGroup;
			children = (
				1C09E5A12AD043C300C81723 /* AuthService.swift */,
				1C007B362AD2E94A00BED4ED /* Validator.swift */,
			);
			path = Auth;
			sourceTree = "<group>";
		};
		1C09E5A32AD0483800C81723 /* Models */ = {
			isa = PBXGroup;
			children = (
				1C09E5A42AD0486A00C81723 /* RegisterUserRequest.swift */,
				1C84296B2AD07EFA00D265F8 /* LoginUserRequest.swift */,
			);
			path = Models;
			sourceTree = "<group>";
		};
		1C113F592ACAC0EC0010E79F /* WelcomScreenSlide */ = {
			isa = PBXGroup;
			children = (
				1C113F5E2ACAC5B10010E79F /* Slide.swift */,
				1C113F602ACAC5E40010E79F /* Slide.xib */,
			);
			path = WelcomScreenSlide;
			sourceTree = "<group>";
		};
		1C1E9A0C2ACAA1CC009824D5 /* WelcomeScreen */ = {
			isa = PBXGroup;
			children = (
				1C74AF522ACB1107001C28E3 /* cell */,
				1C113F592ACAC0EC0010E79F /* WelcomScreenSlide */,
				1C1E9A0F2ACAA29F009824D5 /* WelcomeViewController.swift */,
				1C1E9A102ACAA29F009824D5 /* WelcomeViewController.xib */,
			);
			path = WelcomeScreen;
			sourceTree = "<group>";
		};
		1C1E9A0D2ACAA1DB009824D5 /* LoginScreen */ = {
			isa = PBXGroup;
			children = (
				1C5F60CF2ACBCA87001D1391 /* LoginViewController.swift */,
				1C5F60D02ACBCA87001D1391 /* LoginViewController.xib */,
			);
			path = LoginScreen;
			sourceTree = "<group>";
		};
		1C1E9A0E2ACAA242009824D5 /* SignUpScreen */ = {
			isa = PBXGroup;
			children = (
				1C9886CD2ACD8692001750CF /* SignUpViewController.swift */,
				1C9886CE2ACD8692001750CF /* SignUpViewController.xib */,
			);
			path = SignUpScreen;
			sourceTree = "<group>";
		};
		1C1E9A132ACAA2F8009824D5 /* Extensions */ = {
			isa = PBXGroup;
			children = (
				1C1E9A142ACAA313009824D5 /* NSObject+Extension.swift */,
				1C95DF3E2AD3B9A700304DEF /* UIColor+Extension.swift */,
			);
			path = Extensions;
			sourceTree = "<group>";
		};
		1C1E9A162ACAA4B5009824D5 /* Constants */ = {
			isa = PBXGroup;
			children = (
				1C1E9A172ACAA4CF009824D5 /* AppImages.swift */,
				1C007B382AD2F75900BED4ED /* AlertManager.swift */,
				1C95DF402AD3B9E800304DEF /* AppColors.swift */,
			);
			path = Constants;
			sourceTree = "<group>";
		};
		1C74AF522ACB1107001C28E3 /* cell */ = {
			isa = PBXGroup;
			children = (
				1C74AF532ACB1139001C28E3 /* WelcomeScreenSlideCollectionViewCell.swift */,
				1C74AF542ACB1139001C28E3 /* WelcomeScreenSlideCollectionViewCell.xib */,
			);
			path = cell;
			sourceTree = "<group>";
		};
		1C7D63BB2ACAB1E800E26C51 /* Resources */ = {
			isa = PBXGroup;
			children = (
				1C7D63BD2ACAB26000E26C51 /* font */,
				490956BB2AC412880067EF05 /* Assets.xcassets */,
			);
			path = Resources;
			sourceTree = "<group>";
		};
		1C7D63BC2ACAB21700E26C51 /* Controller */ = {
			isa = PBXGroup;
			children = (
				1C007B3A2AD301ED00BED4ED /* NewViewController */,
				1CC6BCD42ACFED8F007AB99D /* Base */,
				1C1E9A0E2ACAA242009824D5 /* SignUpScreen */,
				1C1E9A0D2ACAA1DB009824D5 /* LoginScreen */,
				1C1E9A0C2ACAA1CC009824D5 /* WelcomeScreen */,
			);
			path = Controller;
			sourceTree = "<group>";
		};
		1C7D63BD2ACAB26000E26C51 /* font */ = {
			isa = PBXGroup;
			children = (
				1C7D63C02ACAB2A400E26C51 /* Inter-Medium.ttf */,
				1C5F60D32ACBF0DB001D1391 /* TTHoves-DemiBold.ttf */,
				1C7D63C12ACAB2A400E26C51 /* Inter-Thin.ttf */,
				1C74AF572ACB375F001C28E3 /* Fontspring-DEMO-biennale-medium.otf */,
			);
			path = font;
			sourceTree = "<group>";
		};
		1CC6BCD42ACFED8F007AB99D /* Base */ = {
			isa = PBXGroup;
			children = (
				1CC6BCD52ACFEDA2007AB99D /* BaseViewController.swift */,
			);
			path = Base;
			sourceTree = "<group>";
		};
		490956A32AC412870067EF05 = {
			isa = PBXGroup;
			children = (
				490956AE2AC412880067EF05 /* DuplicatedApps */,
				490956AD2AC412880067EF05 /* Products */,
				65E1F9592DC9B8E6FD8E5D95 /* Pods */,
				B6C265F3CE051AEC7C5BCD66 /* Frameworks */,
			);
			sourceTree = "<group>";
		};
		490956AD2AC412880067EF05 /* Products */ = {
			isa = PBXGroup;
			children = (
				490956AC2AC412880067EF05 /* DuplicatedApps.app */,
			);
			name = Products;
			sourceTree = "<group>";
		};
		490956AE2AC412880067EF05 /* DuplicatedApps */ = {
			isa = PBXGroup;
			children = (
				1C09E5A32AD0483800C81723 /* Models */,
				1C09E5A02AD0439D00C81723 /* Auth */,
				1C7D63BC2ACAB21700E26C51 /* Controller */,
				1C7D63BB2ACAB1E800E26C51 /* Resources */,
				1C1E9A162ACAA4B5009824D5 /* Constants */,
				1C1E9A132ACAA2F8009824D5 /* Extensions */,
				490956AF2AC412880067EF05 /* AppDelegate.swift */,
				490956B12AC412880067EF05 /* SceneDelegate.swift */,
				490956B32AC412880067EF05 /* ViewController.swift */,
				490956B52AC412880067EF05 /* Main.storyboard */,
				490956BD2AC412880067EF05 /* LaunchScreen.storyboard */,
				490956C02AC412880067EF05 /* Info.plist */,
				1C02085D2AD013BF0094F29E /* GoogleService-Info.plist */,
				490956B82AC412880067EF05 /* DuplicatedApps.xcdatamodeld */,
			);
			path = DuplicatedApps;
			sourceTree = "<group>";
		};
		65E1F9592DC9B8E6FD8E5D95 /* Pods */ = {
			isa = PBXGroup;
			children = (
				032C4A4164A655EEA1528E03 /* Pods-DuplicatedApps.debug.xcconfig */,
				523EF925768B00070C3F7638 /* Pods-DuplicatedApps.release.xcconfig */,
			);
			path = Pods;
			sourceTree = "<group>";
		};
		B6C265F3CE051AEC7C5BCD66 /* Frameworks */ = {
			isa = PBXGroup;
			children = (
				F6121DC98738B32C2F37993C /* Pods_DuplicatedApps.framework */,
			);
			name = Frameworks;
			sourceTree = "<group>";
		};
/* End PBXGroup section */

/* Begin PBXNativeTarget section */
		490956AB2AC412880067EF05 /* DuplicatedApps */ = {
			isa = PBXNativeTarget;
			buildConfigurationList = 490956C32AC412880067EF05 /* Build configuration list for PBXNativeTarget "DuplicatedApps" */;
			buildPhases = (
				0D077210B25EF46DE5D6AEC3 /* [CP] Check Pods Manifest.lock */,
				490956A82AC412880067EF05 /* Sources */,
				490956A92AC412880067EF05 /* Frameworks */,
				490956AA2AC412880067EF05 /* Resources */,
				7F6FC3E8BB90EF7E306409D2 /* [CP] Embed Pods Frameworks */,
			);
			buildRules = (
			);
			dependencies = (
			);
			name = DuplicatedApps;
			productName = DuplicatedApps;
			productReference = 490956AC2AC412880067EF05 /* DuplicatedApps.app */;
			productType = "com.apple.product-type.application";
		};
/* End PBXNativeTarget section */

/* Begin PBXProject section */
		490956A42AC412870067EF05 /* Project object */ = {
			isa = PBXProject;
			attributes = {
				BuildIndependentTargetsInParallel = 1;
				LastSwiftUpdateCheck = 1430;
				LastUpgradeCheck = 1430;
				TargetAttributes = {
					490956AB2AC412880067EF05 = {
						CreatedOnToolsVersion = 14.3;
					};
				};
			};
			buildConfigurationList = 490956A72AC412870067EF05 /* Build configuration list for PBXProject "DuplicatedApps" */;
			compatibilityVersion = "Xcode 14.0";
			developmentRegion = en;
			hasScannedForEncodings = 0;
			knownRegions = (
				en,
				Base,
			);
			mainGroup = 490956A32AC412870067EF05;
			productRefGroup = 490956AD2AC412880067EF05 /* Products */;
			projectDirPath = "";
			projectRoot = "";
			targets = (
				490956AB2AC412880067EF05 /* DuplicatedApps */,
			);
		};
/* End PBXProject section */

/* Begin PBXResourcesBuildPhase section */
		490956AA2AC412880067EF05 /* Resources */ = {
			isa = PBXResourcesBuildPhase;
			buildActionMask = 2147483647;
			files = (
				1C02085E2AD013BF0094F29E /* GoogleService-Info.plist in Resources */,
				1C5F60D22ACBCA87001D1391 /* LoginViewController.xib in Resources */,
				1C74AF582ACB375F001C28E3 /* Fontspring-DEMO-biennale-medium.otf in Resources */,
				490956BF2AC412880067EF05 /* LaunchScreen.storyboard in Resources */,
				1C1E9A122ACAA29F009824D5 /* WelcomeViewController.xib in Resources */,
				1C7D63C32ACAB2A400E26C51 /* Inter-Thin.ttf in Resources */,
				1C113F612ACAC5E40010E79F /* Slide.xib in Resources */,
				490956BC2AC412880067EF05 /* Assets.xcassets in Resources */,
				1C74AF562ACB1139001C28E3 /* WelcomeScreenSlideCollectionViewCell.xib in Resources */,
				1C7D63C22ACAB2A400E26C51 /* Inter-Medium.ttf in Resources */,
				490956B72AC412880067EF05 /* Main.storyboard in Resources */,
				1C007B3E2AD3020600BED4ED /* NewViewController.xib in Resources */,
				1C9886D02ACD8692001750CF /* SignUpViewController.xib in Resources */,
				1C5F60D42ACBF0DB001D1391 /* TTHoves-DemiBold.ttf in Resources */,
			);
			runOnlyForDeploymentPostprocessing = 0;
		};
/* End PBXResourcesBuildPhase section */

/* Begin PBXShellScriptBuildPhase section */
		0D077210B25EF46DE5D6AEC3 /* [CP] Check Pods Manifest.lock */ = {
			isa = PBXShellScriptBuildPhase;
			buildActionMask = 2147483647;
			files = (
			);
			inputFileListPaths = (
			);
			inputPaths = (
				"${PODS_PODFILE_DIR_PATH}/Podfile.lock",
				"${PODS_ROOT}/Manifest.lock",
			);
			name = "[CP] Check Pods Manifest.lock";
			outputFileListPaths = (
			);
			outputPaths = (
				"$(DERIVED_FILE_DIR)/Pods-DuplicatedApps-checkManifestLockResult.txt",
			);
			runOnlyForDeploymentPostprocessing = 0;
			shellPath = /bin/sh;
			shellScript = "diff \"${PODS_PODFILE_DIR_PATH}/Podfile.lock\" \"${PODS_ROOT}/Manifest.lock\" > /dev/null\nif [ $? != 0 ] ; then\n    # print error to STDERR\n    echo \"error: The sandbox is not in sync with the Podfile.lock. Run 'pod install' or update your CocoaPods installation.\" >&2\n    exit 1\nfi\n# This output is used by Xcode 'outputs' to avoid re-running this script phase.\necho \"SUCCESS\" > \"${SCRIPT_OUTPUT_FILE_0}\"\n";
			showEnvVarsInLog = 0;
		};
		7F6FC3E8BB90EF7E306409D2 /* [CP] Embed Pods Frameworks */ = {
			isa = PBXShellScriptBuildPhase;
			buildActionMask = 2147483647;
			files = (
			);
			inputFileListPaths = (
				"${PODS_ROOT}/Target Support Files/Pods-DuplicatedApps/Pods-DuplicatedApps-frameworks-${CONFIGURATION}-input-files.xcfilelist",
			);
			name = "[CP] Embed Pods Frameworks";
			outputFileListPaths = (
				"${PODS_ROOT}/Target Support Files/Pods-DuplicatedApps/Pods-DuplicatedApps-frameworks-${CONFIGURATION}-output-files.xcfilelist",
			);
			runOnlyForDeploymentPostprocessing = 0;
			shellPath = /bin/sh;
			shellScript = "\"${PODS_ROOT}/Target Support Files/Pods-DuplicatedApps/Pods-DuplicatedApps-frameworks.sh\"\n";
			showEnvVarsInLog = 0;
		};
/* End PBXShellScriptBuildPhase section */

/* Begin PBXSourcesBuildPhase section */
		490956A82AC412880067EF05 /* Sources */ = {
			isa = PBXSourcesBuildPhase;
			buildActionMask = 2147483647;
			files = (
				1C007B372AD2E94A00BED4ED /* Validator.swift in Sources */,
				1C95DF3F2AD3B9A700304DEF /* UIColor+Extension.swift in Sources */,
				1C007B392AD2F75900BED4ED /* AlertManager.swift in Sources */,
				1C9886CF2ACD8692001750CF /* SignUpViewController.swift in Sources */,
				490956B42AC412880067EF05 /* ViewController.swift in Sources */,
				1C1E9A112ACAA29F009824D5 /* WelcomeViewController.swift in Sources */,
				1C1E9A182ACAA4CF009824D5 /* AppImages.swift in Sources */,
				490956B02AC412880067EF05 /* AppDelegate.swift in Sources */,
				1CC6BCD62ACFEDA2007AB99D /* BaseViewController.swift in Sources */,
				1C09E5A22AD043C300C81723 /* AuthService.swift in Sources */,
				490956BA2AC412880067EF05 /* DuplicatedApps.xcdatamodeld in Sources */,
				490956B22AC412880067EF05 /* SceneDelegate.swift in Sources */,
				1C1E9A152ACAA313009824D5 /* NSObject+Extension.swift in Sources */,
				1C95DF412AD3B9E800304DEF /* AppColors.swift in Sources */,
				1C74AF552ACB1139001C28E3 /* WelcomeScreenSlideCollectionViewCell.swift in Sources */,
				1C84296C2AD07EFA00D265F8 /* LoginUserRequest.swift in Sources */,
				1C5F60D12ACBCA87001D1391 /* LoginViewController.swift in Sources */,
				1C007B3D2AD3020600BED4ED /* NewViewController.swift in Sources */,
				1C113F5F2ACAC5B10010E79F /* Slide.swift in Sources */,
				1C09E5A52AD0486A00C81723 /* RegisterUserRequest.swift in Sources */,
			);
			runOnlyForDeploymentPostprocessing = 0;
		};
/* End PBXSourcesBuildPhase section */

/* Begin PBXVariantGroup section */
		490956B52AC412880067EF05 /* Main.storyboard */ = {
			isa = PBXVariantGroup;
			children = (
				490956B62AC412880067EF05 /* Base */,
			);
			name = Main.storyboard;
			sourceTree = "<group>";
		};
		490956BD2AC412880067EF05 /* LaunchScreen.storyboard */ = {
			isa = PBXVariantGroup;
			children = (
				490956BE2AC412880067EF05 /* Base */,
			);
			name = LaunchScreen.storyboard;
			sourceTree = "<group>";
		};
/* End PBXVariantGroup section */

/* Begin XCBuildConfiguration section */
		490956C12AC412880067EF05 /* Debug */ = {
			isa = XCBuildConfiguration;
			buildSettings = {
				ALWAYS_SEARCH_USER_PATHS = NO;
				CLANG_ANALYZER_NONNULL = YES;
				CLANG_ANALYZER_NUMBER_OBJECT_CONVERSION = YES_AGGRESSIVE;
				CLANG_CXX_LANGUAGE_STANDARD = "gnu++20";
				CLANG_ENABLE_MODULES = YES;
				CLANG_ENABLE_OBJC_ARC = YES;
				CLANG_ENABLE_OBJC_WEAK = YES;
				CLANG_WARN_BLOCK_CAPTURE_AUTORELEASING = YES;
				CLANG_WARN_BOOL_CONVERSION = YES;
				CLANG_WARN_COMMA = YES;
				CLANG_WARN_CONSTANT_CONVERSION = YES;
				CLANG_WARN_DEPRECATED_OBJC_IMPLEMENTATIONS = YES;
				CLANG_WARN_DIRECT_OBJC_ISA_USAGE = YES_ERROR;
				CLANG_WARN_DOCUMENTATION_COMMENTS = YES;
				CLANG_WARN_EMPTY_BODY = YES;
				CLANG_WARN_ENUM_CONVERSION = YES;
				CLANG_WARN_INFINITE_RECURSION = YES;
				CLANG_WARN_INT_CONVERSION = YES;
				CLANG_WARN_NON_LITERAL_NULL_CONVERSION = YES;
				CLANG_WARN_OBJC_IMPLICIT_RETAIN_SELF = YES;
				CLANG_WARN_OBJC_LITERAL_CONVERSION = YES;
				CLANG_WARN_OBJC_ROOT_CLASS = YES_ERROR;
				CLANG_WARN_QUOTED_INCLUDE_IN_FRAMEWORK_HEADER = YES;
				CLANG_WARN_RANGE_LOOP_ANALYSIS = YES;
				CLANG_WARN_STRICT_PROTOTYPES = YES;
				CLANG_WARN_SUSPICIOUS_MOVE = YES;
				CLANG_WARN_UNGUARDED_AVAILABILITY = YES_AGGRESSIVE;
				CLANG_WARN_UNREACHABLE_CODE = YES;
				CLANG_WARN__DUPLICATE_METHOD_MATCH = YES;
				COPY_PHASE_STRIP = NO;
				DEBUG_INFORMATION_FORMAT = dwarf;
				ENABLE_STRICT_OBJC_MSGSEND = YES;
				ENABLE_TESTABILITY = YES;
				GCC_C_LANGUAGE_STANDARD = gnu11;
				GCC_DYNAMIC_NO_PIC = NO;
				GCC_NO_COMMON_BLOCKS = YES;
				GCC_OPTIMIZATION_LEVEL = 0;
				GCC_PREPROCESSOR_DEFINITIONS = (
					"DEBUG=1",
					"$(inherited)",
				);
				GCC_WARN_64_TO_32_BIT_CONVERSION = YES;
				GCC_WARN_ABOUT_RETURN_TYPE = YES_ERROR;
				GCC_WARN_UNDECLARED_SELECTOR = YES;
				GCC_WARN_UNINITIALIZED_AUTOS = YES_AGGRESSIVE;
				GCC_WARN_UNUSED_FUNCTION = YES;
				GCC_WARN_UNUSED_VARIABLE = YES;
				IPHONEOS_DEPLOYMENT_TARGET = 16.4;
				MTL_ENABLE_DEBUG_INFO = INCLUDE_SOURCE;
				MTL_FAST_MATH = YES;
				ONLY_ACTIVE_ARCH = YES;
				SDKROOT = iphoneos;
				SWIFT_ACTIVE_COMPILATION_CONDITIONS = DEBUG;
				SWIFT_OPTIMIZATION_LEVEL = "-Onone";
			};
			name = Debug;
		};
		490956C22AC412880067EF05 /* Release */ = {
			isa = XCBuildConfiguration;
			buildSettings = {
				ALWAYS_SEARCH_USER_PATHS = NO;
				CLANG_ANALYZER_NONNULL = YES;
				CLANG_ANALYZER_NUMBER_OBJECT_CONVERSION = YES_AGGRESSIVE;
				CLANG_CXX_LANGUAGE_STANDARD = "gnu++20";
				CLANG_ENABLE_MODULES = YES;
				CLANG_ENABLE_OBJC_ARC = YES;
				CLANG_ENABLE_OBJC_WEAK = YES;
				CLANG_WARN_BLOCK_CAPTURE_AUTORELEASING = YES;
				CLANG_WARN_BOOL_CONVERSION = YES;
				CLANG_WARN_COMMA = YES;
				CLANG_WARN_CONSTANT_CONVERSION = YES;
				CLANG_WARN_DEPRECATED_OBJC_IMPLEMENTATIONS = YES;
				CLANG_WARN_DIRECT_OBJC_ISA_USAGE = YES_ERROR;
				CLANG_WARN_DOCUMENTATION_COMMENTS = YES;
				CLANG_WARN_EMPTY_BODY = YES;
				CLANG_WARN_ENUM_CONVERSION = YES;
				CLANG_WARN_INFINITE_RECURSION = YES;
				CLANG_WARN_INT_CONVERSION = YES;
				CLANG_WARN_NON_LITERAL_NULL_CONVERSION = YES;
				CLANG_WARN_OBJC_IMPLICIT_RETAIN_SELF = YES;
				CLANG_WARN_OBJC_LITERAL_CONVERSION = YES;
				CLANG_WARN_OBJC_ROOT_CLASS = YES_ERROR;
				CLANG_WARN_QUOTED_INCLUDE_IN_FRAMEWORK_HEADER = YES;
				CLANG_WARN_RANGE_LOOP_ANALYSIS = YES;
				CLANG_WARN_STRICT_PROTOTYPES = YES;
				CLANG_WARN_SUSPICIOUS_MOVE = YES;
				CLANG_WARN_UNGUARDED_AVAILABILITY = YES_AGGRESSIVE;
				CLANG_WARN_UNREACHABLE_CODE = YES;
				CLANG_WARN__DUPLICATE_METHOD_MATCH = YES;
				COPY_PHASE_STRIP = NO;
				DEBUG_INFORMATION_FORMAT = "dwarf-with-dsym";
				ENABLE_NS_ASSERTIONS = NO;
				ENABLE_STRICT_OBJC_MSGSEND = YES;
				GCC_C_LANGUAGE_STANDARD = gnu11;
				GCC_NO_COMMON_BLOCKS = YES;
				GCC_WARN_64_TO_32_BIT_CONVERSION = YES;
				GCC_WARN_ABOUT_RETURN_TYPE = YES_ERROR;
				GCC_WARN_UNDECLARED_SELECTOR = YES;
				GCC_WARN_UNINITIALIZED_AUTOS = YES_AGGRESSIVE;
				GCC_WARN_UNUSED_FUNCTION = YES;
				GCC_WARN_UNUSED_VARIABLE = YES;
				IPHONEOS_DEPLOYMENT_TARGET = 16.4;
				MTL_ENABLE_DEBUG_INFO = NO;
				MTL_FAST_MATH = YES;
				SDKROOT = iphoneos;
				SWIFT_COMPILATION_MODE = wholemodule;
				SWIFT_OPTIMIZATION_LEVEL = "-O";
				VALIDATE_PRODUCT = YES;
			};
			name = Release;
		};
		490956C42AC412880067EF05 /* Debug */ = {
			isa = XCBuildConfiguration;
			baseConfigurationReference = 032C4A4164A655EEA1528E03 /* Pods-DuplicatedApps.debug.xcconfig */;
			buildSettings = {
				ASSETCATALOG_COMPILER_APPICON_NAME = AppIcon;
				ASSETCATALOG_COMPILER_GLOBAL_ACCENT_COLOR_NAME = AccentColor;
				CODE_SIGN_STYLE = Automatic;
				CURRENT_PROJECT_VERSION = 1;
				DEVELOPMENT_TEAM = 9YN9674B5Y;
				GENERATE_INFOPLIST_FILE = YES;
				INFOPLIST_FILE = DuplicatedApps/Info.plist;
				INFOPLIST_KEY_UIApplicationSupportsIndirectInputEvents = YES;
				INFOPLIST_KEY_UILaunchStoryboardName = LaunchScreen;
				INFOPLIST_KEY_UIMainStoryboardFile = Main;
				INFOPLIST_KEY_UISupportedInterfaceOrientations_iPad = "UIInterfaceOrientationPortrait UIInterfaceOrientationPortraitUpsideDown UIInterfaceOrientationLandscapeLeft UIInterfaceOrientationLandscapeRight";
				INFOPLIST_KEY_UISupportedInterfaceOrientations_iPhone = "UIInterfaceOrientationPortrait UIInterfaceOrientationLandscapeLeft UIInterfaceOrientationLandscapeRight";
				IPHONEOS_DEPLOYMENT_TARGET = 14.0;
				LD_RUNPATH_SEARCH_PATHS = (
					"$(inherited)",
					"@executable_path/Frameworks",
				);
				MARKETING_VERSION = 1.0;
				PRODUCT_BUNDLE_IDENTIFIER = com.dofuulive.iosapp.duplicated;
				PRODUCT_NAME = "$(TARGET_NAME)";
				SWIFT_EMIT_LOC_STRINGS = YES;
				SWIFT_VERSION = 5.0;
				TARGETED_DEVICE_FAMILY = "1,2";
			};
			name = Debug;
		};
		490956C52AC412880067EF05 /* Release */ = {
			isa = XCBuildConfiguration;
			baseConfigurationReference = 523EF925768B00070C3F7638 /* Pods-DuplicatedApps.release.xcconfig */;
			buildSettings = {
				ASSETCATALOG_COMPILER_APPICON_NAME = AppIcon;
				ASSETCATALOG_COMPILER_GLOBAL_ACCENT_COLOR_NAME = AccentColor;
				CODE_SIGN_STYLE = Automatic;
				CURRENT_PROJECT_VERSION = 1;
				DEVELOPMENT_TEAM = 9YN9674B5Y;
				GENERATE_INFOPLIST_FILE = YES;
				INFOPLIST_FILE = DuplicatedApps/Info.plist;
				INFOPLIST_KEY_UIApplicationSupportsIndirectInputEvents = YES;
				INFOPLIST_KEY_UILaunchStoryboardName = LaunchScreen;
				INFOPLIST_KEY_UIMainStoryboardFile = Main;
				INFOPLIST_KEY_UISupportedInterfaceOrientations_iPad = "UIInterfaceOrientationPortrait UIInterfaceOrientationPortraitUpsideDown UIInterfaceOrientationLandscapeLeft UIInterfaceOrientationLandscapeRight";
				INFOPLIST_KEY_UISupportedInterfaceOrientations_iPhone = "UIInterfaceOrientationPortrait UIInterfaceOrientationLandscapeLeft UIInterfaceOrientationLandscapeRight";
				IPHONEOS_DEPLOYMENT_TARGET = 14.0;
				LD_RUNPATH_SEARCH_PATHS = (
					"$(inherited)",
					"@executable_path/Frameworks",
				);
				MARKETING_VERSION = 1.0;
				PRODUCT_BUNDLE_IDENTIFIER = com.dofuulive.iosapp.duplicated;
				PRODUCT_NAME = "$(TARGET_NAME)";
				SWIFT_EMIT_LOC_STRINGS = YES;
				SWIFT_VERSION = 5.0;
				TARGETED_DEVICE_FAMILY = "1,2";
			};
			name = Release;
		};
/* End XCBuildConfiguration section */

/* Begin XCConfigurationList section */
		490956A72AC412870067EF05 /* Build configuration list for PBXProject "DuplicatedApps" */ = {
			isa = XCConfigurationList;
			buildConfigurations = (
				490956C12AC412880067EF05 /* Debug */,
				490956C22AC412880067EF05 /* Release */,
			);
			defaultConfigurationIsVisible = 0;
			defaultConfigurationName = Release;
		};
		490956C32AC412880067EF05 /* Build configuration list for PBXNativeTarget "DuplicatedApps" */ = {
			isa = XCConfigurationList;
			buildConfigurations = (
				490956C42AC412880067EF05 /* Debug */,
				490956C52AC412880067EF05 /* Release */,
			);
			defaultConfigurationIsVisible = 0;
			defaultConfigurationName = Release;
		};
/* End XCConfigurationList section */

/* Begin XCVersionGroup section */
		490956B82AC412880067EF05 /* DuplicatedApps.xcdatamodeld */ = {
			isa = XCVersionGroup;
			children = (
				490956B92AC412880067EF05 /* DuplicatedApps.xcdatamodel */,
			);
			currentVersion = 490956B92AC412880067EF05 /* DuplicatedApps.xcdatamodel */;
			path = DuplicatedApps.xcdatamodeld;
			sourceTree = "<group>";
			versionGroupType = wrapper.xcdatamodel;
		};
/* End XCVersionGroup section */
	};
	rootObject = 490956A42AC412870067EF05 /* Project object */;
}
