// !$*UTF8*$!
{
	archiveVersion = 1;
	classes = {
	};
	objectVersion = 56;
	objects = {

/* Begin PBXBuildFile section */
		1C007B372AD2E94A00BED4ED /* Validator.swift in Sources */ = {isa = PBXBuildFile; fileRef = 1C007B362AD2E94A00BED4ED /* Validator.swift */; };
		1C007B392AD2F75900BED4ED /* AlertManager.swift in Sources */ = {isa = PBXBuildFile; fileRef = 1C007B382AD2F75900BED4ED /* AlertManager.swift */; };
		1C02085E2AD013BF0094F29E /* GoogleService-Info.plist in Resources */ = {isa = PBXBuildFile; fileRef = 1C02085D2AD013BF0094F29E /* GoogleService-Info.plist */; };
		1C09E5A22AD043C300C81723 /* AuthService.swift in Sources */ = {isa = PBXBuildFile; fileRef = 1C09E5A12AD043C300C81723 /* AuthService.swift */; };
		1C09E5A52AD0486A00C81723 /* RegisterUserRequest.swift in Sources */ = {isa = PBXBuildFile; fileRef = 1C09E5A42AD0486A00C81723 /* RegisterUserRequest.swift */; };
		1C0F1EF12AD45BD300342C90 /* SettingViewController.swift in Sources */ = {isa = PBXBuildFile; fileRef = 1C0F1EEF2AD45BD200342C90 /* SettingViewController.swift */; };
		1C0F1EF22AD45BD300342C90 /* SettingViewController.xib in Resources */ = {isa = PBXBuildFile; fileRef = 1C0F1EF02AD45BD200342C90 /* SettingViewController.xib */; };
		1C1043E82AD849E000938A25 /* MostPopularAppsHeaderView.swift in Sources */ = {isa = PBXBuildFile; fileRef = 1C1043E62AD849E000938A25 /* MostPopularAppsHeaderView.swift */; };
		1C1043E92AD849E000938A25 /* MostPopularAppsHeaderView.xib in Resources */ = {isa = PBXBuildFile; fileRef = 1C1043E72AD849E000938A25 /* MostPopularAppsHeaderView.xib */; };
		1C1043EC2AD8620C00938A25 /* AllAppsTableViewCell.swift in Sources */ = {isa = PBXBuildFile; fileRef = 1C1043EA2AD8620C00938A25 /* AllAppsTableViewCell.swift */; };
		1C1043ED2AD8620C00938A25 /* AllAppsTableViewCell.xib in Resources */ = {isa = PBXBuildFile; fileRef = 1C1043EB2AD8620C00938A25 /* AllAppsTableViewCell.xib */; };
		1C1043F12AD9274400938A25 /* AllAppsCollectionViewCell.swift in Sources */ = {isa = PBXBuildFile; fileRef = 1C1043EF2AD9274400938A25 /* AllAppsCollectionViewCell.swift */; };
		1C1043F22AD9274400938A25 /* AllAppsCollectionViewCell.xib in Resources */ = {isa = PBXBuildFile; fileRef = 1C1043F02AD9274400938A25 /* AllAppsCollectionViewCell.xib */; };
		1C113F5F2ACAC5B10010E79F /* Slide.swift in Sources */ = {isa = PBXBuildFile; fileRef = 1C113F5E2ACAC5B10010E79F /* Slide.swift */; };
		1C113F612ACAC5E40010E79F /* Slide.xib in Resources */ = {isa = PBXBuildFile; fileRef = 1C113F602ACAC5E40010E79F /* Slide.xib */; };
		1C18314C2AE9055800E71966 /* AppDescriptionView.swift in Sources */ = {isa = PBXBuildFile; fileRef = 1C18314A2AE9055800E71966 /* AppDescriptionView.swift */; };
		1C18314D2AE9055800E71966 /* AppDescriptionView.xib in Resources */ = {isa = PBXBuildFile; fileRef = 1C18314B2AE9055800E71966 /* AppDescriptionView.xib */; };
		1C1E9A112ACAA29F009824D5 /* WelcomeViewController.swift in Sources */ = {isa = PBXBuildFile; fileRef = 1C1E9A0F2ACAA29F009824D5 /* WelcomeViewController.swift */; };
		1C1E9A122ACAA29F009824D5 /* WelcomeViewController.xib in Resources */ = {isa = PBXBuildFile; fileRef = 1C1E9A102ACAA29F009824D5 /* WelcomeViewController.xib */; };
		1C1E9A152ACAA313009824D5 /* NSObject+Extension.swift in Sources */ = {isa = PBXBuildFile; fileRef = 1C1E9A142ACAA313009824D5 /* NSObject+Extension.swift */; };
		1C1E9A182ACAA4CF009824D5 /* AppImages.swift in Sources */ = {isa = PBXBuildFile; fileRef = 1C1E9A172ACAA4CF009824D5 /* AppImages.swift */; };
		1C42B68C2ADE8A08008B7ACF /* ListAppsTableViewCell.swift in Sources */ = {isa = PBXBuildFile; fileRef = 1C42B68A2ADE8A08008B7ACF /* ListAppsTableViewCell.swift */; };
		1C42B68D2ADE8A08008B7ACF /* ListAppsTableViewCell.xib in Resources */ = {isa = PBXBuildFile; fileRef = 1C42B68B2ADE8A08008B7ACF /* ListAppsTableViewCell.xib */; };
		1C4E6DAA2AD816E200CDC219 /* AppFonts.swift in Sources */ = {isa = PBXBuildFile; fileRef = 1C4E6DA92AD816E200CDC219 /* AppFonts.swift */; };
		1C5452EC2AD68F0600D6590C /* Users.swift in Sources */ = {isa = PBXBuildFile; fileRef = 1C5452EB2AD68F0600D6590C /* Users.swift */; };
		1C5721962AF1694B001D569E /* ListApps.swift in Sources */ = {isa = PBXBuildFile; fileRef = 1C5721952AF1694B001D569E /* ListApps.swift */; };
		1C5F60D12ACBCA87001D1391 /* LoginViewController.swift in Sources */ = {isa = PBXBuildFile; fileRef = 1C5F60CF2ACBCA87001D1391 /* LoginViewController.swift */; };
		1C5F60D22ACBCA87001D1391 /* LoginViewController.xib in Resources */ = {isa = PBXBuildFile; fileRef = 1C5F60D02ACBCA87001D1391 /* LoginViewController.xib */; };
		1C6B02EE2ADA516E00EED468 /* Poppins-MediumItalic.ttf in Resources */ = {isa = PBXBuildFile; fileRef = 1C6B02DC2ADA516B00EED468 /* Poppins-MediumItalic.ttf */; };
		1C6B02EF2ADA516E00EED468 /* Poppins-ExtraBold.ttf in Resources */ = {isa = PBXBuildFile; fileRef = 1C6B02DD2ADA516B00EED468 /* Poppins-ExtraBold.ttf */; };
		1C6B02F02ADA516E00EED468 /* Poppins-SemiBoldItalic.ttf in Resources */ = {isa = PBXBuildFile; fileRef = 1C6B02DE2ADA516B00EED468 /* Poppins-SemiBoldItalic.ttf */; };
		1C6B02F12ADA516E00EED468 /* Poppins-Italic.ttf in Resources */ = {isa = PBXBuildFile; fileRef = 1C6B02DF2ADA516B00EED468 /* Poppins-Italic.ttf */; };
		1C6B02F22ADA516E00EED468 /* Poppins-Light.ttf in Resources */ = {isa = PBXBuildFile; fileRef = 1C6B02E02ADA516B00EED468 /* Poppins-Light.ttf */; };
		1C6B02F32ADA516E00EED468 /* Poppins-Thin.ttf in Resources */ = {isa = PBXBuildFile; fileRef = 1C6B02E12ADA516C00EED468 /* Poppins-Thin.ttf */; };
		1C6B02F42ADA516E00EED468 /* Poppins-ExtraLightItalic.ttf in Resources */ = {isa = PBXBuildFile; fileRef = 1C6B02E22ADA516C00EED468 /* Poppins-ExtraLightItalic.ttf */; };
		1C6B02F52ADA516E00EED468 /* Poppins-Bold.ttf in Resources */ = {isa = PBXBuildFile; fileRef = 1C6B02E32ADA516C00EED468 /* Poppins-Bold.ttf */; };
		1C6B02F62ADA516E00EED468 /* Poppins-ExtraBoldItalic.ttf in Resources */ = {isa = PBXBuildFile; fileRef = 1C6B02E42ADA516C00EED468 /* Poppins-ExtraBoldItalic.ttf */; };
		1C6B02F72ADA516E00EED468 /* Poppins-BlackItalic.ttf in Resources */ = {isa = PBXBuildFile; fileRef = 1C6B02E52ADA516C00EED468 /* Poppins-BlackItalic.ttf */; };
		1C6B02F82ADA516E00EED468 /* Poppins-Medium.ttf in Resources */ = {isa = PBXBuildFile; fileRef = 1C6B02E62ADA516D00EED468 /* Poppins-Medium.ttf */; };
		1C6B02F92ADA516E00EED468 /* Poppins-Regular.ttf in Resources */ = {isa = PBXBuildFile; fileRef = 1C6B02E72ADA516D00EED468 /* Poppins-Regular.ttf */; };
		1C6B02FA2ADA516E00EED468 /* Poppins-SemiBold.ttf in Resources */ = {isa = PBXBuildFile; fileRef = 1C6B02E82ADA516D00EED468 /* Poppins-SemiBold.ttf */; };
		1C6B02FB2ADA516E00EED468 /* Poppins-BoldItalic.ttf in Resources */ = {isa = PBXBuildFile; fileRef = 1C6B02E92ADA516E00EED468 /* Poppins-BoldItalic.ttf */; };
		1C6B02FC2ADA516E00EED468 /* Poppins-ExtraLight.ttf in Resources */ = {isa = PBXBuildFile; fileRef = 1C6B02EA2ADA516E00EED468 /* Poppins-ExtraLight.ttf */; };
		1C6B02FD2ADA516E00EED468 /* Poppins-LightItalic.ttf in Resources */ = {isa = PBXBuildFile; fileRef = 1C6B02EB2ADA516E00EED468 /* Poppins-LightItalic.ttf */; };
		1C6B02FE2ADA516E00EED468 /* Poppins-ThinItalic.ttf in Resources */ = {isa = PBXBuildFile; fileRef = 1C6B02EC2ADA516E00EED468 /* Poppins-ThinItalic.ttf */; };
		1C6B02FF2ADA516E00EED468 /* Poppins-Black.ttf in Resources */ = {isa = PBXBuildFile; fileRef = 1C6B02ED2ADA516E00EED468 /* Poppins-Black.ttf */; };
		1C6B03122ADA9CCE00EED468 /* TabController.swift in Sources */ = {isa = PBXBuildFile; fileRef = 1C6B03102ADA9CCE00EED468 /* TabController.swift */; };
		1C74AF552ACB1139001C28E3 /* WelcomeScreenSlideCollectionViewCell.swift in Sources */ = {isa = PBXBuildFile; fileRef = 1C74AF532ACB1139001C28E3 /* WelcomeScreenSlideCollectionViewCell.swift */; };
		1C74AF562ACB1139001C28E3 /* WelcomeScreenSlideCollectionViewCell.xib in Resources */ = {isa = PBXBuildFile; fileRef = 1C74AF542ACB1139001C28E3 /* WelcomeScreenSlideCollectionViewCell.xib */; };
		1C7D63C22ACAB2A400E26C51 /* Inter-Medium.ttf in Resources */ = {isa = PBXBuildFile; fileRef = 1C7D63C02ACAB2A400E26C51 /* Inter-Medium.ttf */; };
		1C7D63C32ACAB2A400E26C51 /* Inter-Thin.ttf in Resources */ = {isa = PBXBuildFile; fileRef = 1C7D63C12ACAB2A400E26C51 /* Inter-Thin.ttf */; };
		1C84296C2AD07EFA00D265F8 /* LoginUserRequest.swift in Sources */ = {isa = PBXBuildFile; fileRef = 1C84296B2AD07EFA00D265F8 /* LoginUserRequest.swift */; };
		1C8449722AD5374000C1AEE2 /* Inter-BoldItalic.otf in Resources */ = {isa = PBXBuildFile; fileRef = 1C8449702AD5373F00C1AEE2 /* Inter-BoldItalic.otf */; };
		1C8449732AD5374000C1AEE2 /* Inter-LightItalic.otf in Resources */ = {isa = PBXBuildFile; fileRef = 1C8449712AD5374000C1AEE2 /* Inter-LightItalic.otf */; };
		1C95DF3F2AD3B9A700304DEF /* UIColor+Extension.swift in Sources */ = {isa = PBXBuildFile; fileRef = 1C95DF3E2AD3B9A700304DEF /* UIColor+Extension.swift */; };
		1C95DF412AD3B9E800304DEF /* AppColors.swift in Sources */ = {isa = PBXBuildFile; fileRef = 1C95DF402AD3B9E800304DEF /* AppColors.swift */; };
		1C9724A32AD7C86900134FB6 /* MostPopularAppsCollectionViewCell.swift in Sources */ = {isa = PBXBuildFile; fileRef = 1C9724A12AD7C86900134FB6 /* MostPopularAppsCollectionViewCell.swift */; };
		1C9724A42AD7C86900134FB6 /* MostPopularAppsCollectionViewCell.xib in Resources */ = {isa = PBXBuildFile; fileRef = 1C9724A22AD7C86900134FB6 /* MostPopularAppsCollectionViewCell.xib */; };
		1C9886CF2ACD8692001750CF /* SignUpViewController.swift in Sources */ = {isa = PBXBuildFile; fileRef = 1C9886CD2ACD8692001750CF /* SignUpViewController.swift */; };
		1C9886D02ACD8692001750CF /* SignUpViewController.xib in Resources */ = {isa = PBXBuildFile; fileRef = 1C9886CE2ACD8692001750CF /* SignUpViewController.xib */; };
		1C99AF192AD955B800BCA2FE /* Inter-Italic.otf in Resources */ = {isa = PBXBuildFile; fileRef = 1C99AF182AD955B800BCA2FE /* Inter-Italic.otf */; };
		1C99AF1B2AD955FF00BCA2FE /* Inter-MediumItalic.otf in Resources */ = {isa = PBXBuildFile; fileRef = 1C99AF1A2AD955FF00BCA2FE /* Inter-MediumItalic.otf */; };
		1C99AF1D2AD958CE00BCA2FE /* AllApps.swift in Sources */ = {isa = PBXBuildFile; fileRef = 1C99AF1C2AD958CE00BCA2FE /* AllApps.swift */; };
		1CA73BE02AD3F6B4000EF304 /* HomeViewController.swift in Sources */ = {isa = PBXBuildFile; fileRef = 1CA73BDE2AD3F6B4000EF304 /* HomeViewController.swift */; };
		1CA73BE12AD3F6B4000EF304 /* HomeViewController.xib in Resources */ = {isa = PBXBuildFile; fileRef = 1CA73BDF2AD3F6B4000EF304 /* HomeViewController.xib */; };
		1CA73BEA2AD3FDE2000EF304 /* FavouriteViewController.swift in Sources */ = {isa = PBXBuildFile; fileRef = 1CA73BE82AD3FDE2000EF304 /* FavouriteViewController.swift */; };
		1CA73BEB2AD3FDE2000EF304 /* FavouriteViewController.xib in Resources */ = {isa = PBXBuildFile; fileRef = 1CA73BE92AD3FDE2000EF304 /* FavouriteViewController.xib */; };
		1CBB70492AD543FD00D2DEC8 /* AllAppsHeaderView.swift in Sources */ = {isa = PBXBuildFile; fileRef = 1CBB70472AD543FD00D2DEC8 /* AllAppsHeaderView.swift */; };
		1CBB704A2AD543FD00D2DEC8 /* AllAppsHeaderView.xib in Resources */ = {isa = PBXBuildFile; fileRef = 1CBB70482AD543FD00D2DEC8 /* AllAppsHeaderView.xib */; };
		1CBB704F2AD5550600D2DEC8 /* MostPopularAppsTableViewCell.swift in Sources */ = {isa = PBXBuildFile; fileRef = 1CBB704D2AD5550600D2DEC8 /* MostPopularAppsTableViewCell.swift */; };
		1CBB70502AD5550600D2DEC8 /* MostPopularAppsTableViewCell.xib in Resources */ = {isa = PBXBuildFile; fileRef = 1CBB704E2AD5550600D2DEC8 /* MostPopularAppsTableViewCell.xib */; };
		1CC6BCD62ACFEDA2007AB99D /* BaseViewController.swift in Sources */ = {isa = PBXBuildFile; fileRef = 1CC6BCD52ACFEDA2007AB99D /* BaseViewController.swift */; };
		490956B02AC412880067EF05 /* AppDelegate.swift in Sources */ = {isa = PBXBuildFile; fileRef = 490956AF2AC412880067EF05 /* AppDelegate.swift */; };
		490956B22AC412880067EF05 /* SceneDelegate.swift in Sources */ = {isa = PBXBuildFile; fileRef = 490956B12AC412880067EF05 /* SceneDelegate.swift */; };
		490956B42AC412880067EF05 /* ViewController.swift in Sources */ = {isa = PBXBuildFile; fileRef = 490956B32AC412880067EF05 /* ViewController.swift */; };
		490956B72AC412880067EF05 /* Main.storyboard in Resources */ = {isa = PBXBuildFile; fileRef = 490956B52AC412880067EF05 /* Main.storyboard */; };
		490956BA2AC412880067EF05 /* DuplicatedApps.xcdatamodeld in Sources */ = {isa = PBXBuildFile; fileRef = 490956B82AC412880067EF05 /* DuplicatedApps.xcdatamodeld */; };
		490956BC2AC412880067EF05 /* Assets.xcassets in Resources */ = {isa = PBXBuildFile; fileRef = 490956BB2AC412880067EF05 /* Assets.xcassets */; };
		490956BF2AC412880067EF05 /* LaunchScreen.storyboard in Resources */ = {isa = PBXBuildFile; fileRef = 490956BD2AC412880067EF05 /* LaunchScreen.storyboard */; };
		497230932AE26B17004959E9 /* CustomListView.swift in Sources */ = {isa = PBXBuildFile; fileRef = 497230922AE26B17004959E9 /* CustomListView.swift */; };
		497230952AE26B21004959E9 /* CustomListView.xib in Resources */ = {isa = PBXBuildFile; fileRef = 497230942AE26B21004959E9 /* CustomListView.xib */; };
		CDDD9B5896B18D4955D8911A /* Pods_DuplicatedApps.framework in Frameworks */ = {isa = PBXBuildFile; fileRef = F6121DC98738B32C2F37993C /* Pods_DuplicatedApps.framework */; };
/* End PBXBuildFile section */

/* Begin PBXFileReference section */
		032C4A4164A655EEA1528E03 /* Pods-DuplicatedApps.debug.xcconfig */ = {isa = PBXFileReference; includeInIndex = 1; lastKnownFileType = text.xcconfig; name = "Pods-DuplicatedApps.debug.xcconfig"; path = "Target Support Files/Pods-DuplicatedApps/Pods-DuplicatedApps.debug.xcconfig"; sourceTree = "<group>"; };
		1C007B362AD2E94A00BED4ED /* Validator.swift */ = {isa = PBXFileReference; lastKnownFileType = sourcecode.swift; path = Validator.swift; sourceTree = "<group>"; };
		1C007B382AD2F75900BED4ED /* AlertManager.swift */ = {isa = PBXFileReference; lastKnownFileType = sourcecode.swift; path = AlertManager.swift; sourceTree = "<group>"; };
		1C02085D2AD013BF0094F29E /* GoogleService-Info.plist */ = {isa = PBXFileReference; fileEncoding = 4; lastKnownFileType = text.plist.xml; path = "GoogleService-Info.plist"; sourceTree = "<group>"; };
		1C09E5A12AD043C300C81723 /* AuthService.swift */ = {isa = PBXFileReference; lastKnownFileType = sourcecode.swift; path = AuthService.swift; sourceTree = "<group>"; };
		1C09E5A42AD0486A00C81723 /* RegisterUserRequest.swift */ = {isa = PBXFileReference; lastKnownFileType = sourcecode.swift; path = RegisterUserRequest.swift; sourceTree = "<group>"; };
		1C0F1EEF2AD45BD200342C90 /* SettingViewController.swift */ = {isa = PBXFileReference; lastKnownFileType = sourcecode.swift; path = SettingViewController.swift; sourceTree = "<group>"; };
		1C0F1EF02AD45BD200342C90 /* SettingViewController.xib */ = {isa = PBXFileReference; lastKnownFileType = file.xib; path = SettingViewController.xib; sourceTree = "<group>"; };
		1C1043E62AD849E000938A25 /* MostPopularAppsHeaderView.swift */ = {isa = PBXFileReference; lastKnownFileType = sourcecode.swift; path = MostPopularAppsHeaderView.swift; sourceTree = "<group>"; };
		1C1043E72AD849E000938A25 /* MostPopularAppsHeaderView.xib */ = {isa = PBXFileReference; lastKnownFileType = file.xib; path = MostPopularAppsHeaderView.xib; sourceTree = "<group>"; };
		1C1043EA2AD8620C00938A25 /* AllAppsTableViewCell.swift */ = {isa = PBXFileReference; lastKnownFileType = sourcecode.swift; path = AllAppsTableViewCell.swift; sourceTree = "<group>"; };
		1C1043EB2AD8620C00938A25 /* AllAppsTableViewCell.xib */ = {isa = PBXFileReference; lastKnownFileType = file.xib; path = AllAppsTableViewCell.xib; sourceTree = "<group>"; };
		1C1043EF2AD9274400938A25 /* AllAppsCollectionViewCell.swift */ = {isa = PBXFileReference; lastKnownFileType = sourcecode.swift; path = AllAppsCollectionViewCell.swift; sourceTree = "<group>"; };
		1C1043F02AD9274400938A25 /* AllAppsCollectionViewCell.xib */ = {isa = PBXFileReference; lastKnownFileType = file.xib; path = AllAppsCollectionViewCell.xib; sourceTree = "<group>"; };
		1C113F5E2ACAC5B10010E79F /* Slide.swift */ = {isa = PBXFileReference; lastKnownFileType = sourcecode.swift; path = Slide.swift; sourceTree = "<group>"; };
		1C113F602ACAC5E40010E79F /* Slide.xib */ = {isa = PBXFileReference; lastKnownFileType = file.xib; path = Slide.xib; sourceTree = "<group>"; };
		1C18314A2AE9055800E71966 /* AppDescriptionView.swift */ = {isa = PBXFileReference; lastKnownFileType = sourcecode.swift; path = AppDescriptionView.swift; sourceTree = "<group>"; };
		1C18314B2AE9055800E71966 /* AppDescriptionView.xib */ = {isa = PBXFileReference; lastKnownFileType = file.xib; path = AppDescriptionView.xib; sourceTree = "<group>"; };
		1C1E9A0F2ACAA29F009824D5 /* WelcomeViewController.swift */ = {isa = PBXFileReference; lastKnownFileType = sourcecode.swift; path = WelcomeViewController.swift; sourceTree = "<group>"; };
		1C1E9A102ACAA29F009824D5 /* WelcomeViewController.xib */ = {isa = PBXFileReference; lastKnownFileType = file.xib; path = WelcomeViewController.xib; sourceTree = "<group>"; };
		1C1E9A142ACAA313009824D5 /* NSObject+Extension.swift */ = {isa = PBXFileReference; lastKnownFileType = sourcecode.swift; path = "NSObject+Extension.swift"; sourceTree = "<group>"; };
		1C1E9A172ACAA4CF009824D5 /* AppImages.swift */ = {isa = PBXFileReference; lastKnownFileType = sourcecode.swift; path = AppImages.swift; sourceTree = "<group>"; };
		1C42B68A2ADE8A08008B7ACF /* ListAppsTableViewCell.swift */ = {isa = PBXFileReference; lastKnownFileType = sourcecode.swift; path = ListAppsTableViewCell.swift; sourceTree = "<group>"; };
		1C42B68B2ADE8A08008B7ACF /* ListAppsTableViewCell.xib */ = {isa = PBXFileReference; lastKnownFileType = file.xib; path = ListAppsTableViewCell.xib; sourceTree = "<group>"; };
		1C4E6DA92AD816E200CDC219 /* AppFonts.swift */ = {isa = PBXFileReference; lastKnownFileType = sourcecode.swift; path = AppFonts.swift; sourceTree = "<group>"; };
		1C5452EB2AD68F0600D6590C /* Users.swift */ = {isa = PBXFileReference; lastKnownFileType = sourcecode.swift; path = Users.swift; sourceTree = "<group>"; };
		1C5721952AF1694B001D569E /* ListApps.swift */ = {isa = PBXFileReference; lastKnownFileType = sourcecode.swift; path = ListApps.swift; sourceTree = "<group>"; };
		1C5F60CF2ACBCA87001D1391 /* LoginViewController.swift */ = {isa = PBXFileReference; lastKnownFileType = sourcecode.swift; path = LoginViewController.swift; sourceTree = "<group>"; };
		1C5F60D02ACBCA87001D1391 /* LoginViewController.xib */ = {isa = PBXFileReference; lastKnownFileType = file.xib; path = LoginViewController.xib; sourceTree = "<group>"; };
		1C6B02DC2ADA516B00EED468 /* Poppins-MediumItalic.ttf */ = {isa = PBXFileReference; lastKnownFileType = file; path = "Poppins-MediumItalic.ttf"; sourceTree = "<group>"; };
		1C6B02DD2ADA516B00EED468 /* Poppins-ExtraBold.ttf */ = {isa = PBXFileReference; lastKnownFileType = file; path = "Poppins-ExtraBold.ttf"; sourceTree = "<group>"; };
		1C6B02DE2ADA516B00EED468 /* Poppins-SemiBoldItalic.ttf */ = {isa = PBXFileReference; lastKnownFileType = file; path = "Poppins-SemiBoldItalic.ttf"; sourceTree = "<group>"; };
		1C6B02DF2ADA516B00EED468 /* Poppins-Italic.ttf */ = {isa = PBXFileReference; lastKnownFileType = file; path = "Poppins-Italic.ttf"; sourceTree = "<group>"; };
		1C6B02E02ADA516B00EED468 /* Poppins-Light.ttf */ = {isa = PBXFileReference; lastKnownFileType = file; path = "Poppins-Light.ttf"; sourceTree = "<group>"; };
		1C6B02E12ADA516C00EED468 /* Poppins-Thin.ttf */ = {isa = PBXFileReference; lastKnownFileType = file; path = "Poppins-Thin.ttf"; sourceTree = "<group>"; };
		1C6B02E22ADA516C00EED468 /* Poppins-ExtraLightItalic.ttf */ = {isa = PBXFileReference; lastKnownFileType = file; path = "Poppins-ExtraLightItalic.ttf"; sourceTree = "<group>"; };
		1C6B02E32ADA516C00EED468 /* Poppins-Bold.ttf */ = {isa = PBXFileReference; lastKnownFileType = file; path = "Poppins-Bold.ttf"; sourceTree = "<group>"; };
		1C6B02E42ADA516C00EED468 /* Poppins-ExtraBoldItalic.ttf */ = {isa = PBXFileReference; lastKnownFileType = file; path = "Poppins-ExtraBoldItalic.ttf"; sourceTree = "<group>"; };
		1C6B02E52ADA516C00EED468 /* Poppins-BlackItalic.ttf */ = {isa = PBXFileReference; lastKnownFileType = file; path = "Poppins-BlackItalic.ttf"; sourceTree = "<group>"; };
		1C6B02E62ADA516D00EED468 /* Poppins-Medium.ttf */ = {isa = PBXFileReference; lastKnownFileType = file; path = "Poppins-Medium.ttf"; sourceTree = "<group>"; };
		1C6B02E72ADA516D00EED468 /* Poppins-Regular.ttf */ = {isa = PBXFileReference; lastKnownFileType = file; path = "Poppins-Regular.ttf"; sourceTree = "<group>"; };
		1C6B02E82ADA516D00EED468 /* Poppins-SemiBold.ttf */ = {isa = PBXFileReference; lastKnownFileType = file; path = "Poppins-SemiBold.ttf"; sourceTree = "<group>"; };
		1C6B02E92ADA516E00EED468 /* Poppins-BoldItalic.ttf */ = {isa = PBXFileReference; lastKnownFileType = file; path = "Poppins-BoldItalic.ttf"; sourceTree = "<group>"; };
		1C6B02EA2ADA516E00EED468 /* Poppins-ExtraLight.ttf */ = {isa = PBXFileReference; lastKnownFileType = file; path = "Poppins-ExtraLight.ttf"; sourceTree = "<group>"; };
		1C6B02EB2ADA516E00EED468 /* Poppins-LightItalic.ttf */ = {isa = PBXFileReference; lastKnownFileType = file; path = "Poppins-LightItalic.ttf"; sourceTree = "<group>"; };
		1C6B02EC2ADA516E00EED468 /* Poppins-ThinItalic.ttf */ = {isa = PBXFileReference; lastKnownFileType = file; path = "Poppins-ThinItalic.ttf"; sourceTree = "<group>"; };
		1C6B02ED2ADA516E00EED468 /* Poppins-Black.ttf */ = {isa = PBXFileReference; lastKnownFileType = file; path = "Poppins-Black.ttf"; sourceTree = "<group>"; };
		1C6B03102ADA9CCE00EED468 /* TabController.swift */ = {isa = PBXFileReference; lastKnownFileType = sourcecode.swift; path = TabController.swift; sourceTree = "<group>"; };
		1C74AF532ACB1139001C28E3 /* WelcomeScreenSlideCollectionViewCell.swift */ = {isa = PBXFileReference; lastKnownFileType = sourcecode.swift; path = WelcomeScreenSlideCollectionViewCell.swift; sourceTree = "<group>"; };
		1C74AF542ACB1139001C28E3 /* WelcomeScreenSlideCollectionViewCell.xib */ = {isa = PBXFileReference; lastKnownFileType = file.xib; path = WelcomeScreenSlideCollectionViewCell.xib; sourceTree = "<group>"; };
		1C7D63C02ACAB2A400E26C51 /* Inter-Medium.ttf */ = {isa = PBXFileReference; lastKnownFileType = file; path = "Inter-Medium.ttf"; sourceTree = "<group>"; };
		1C7D63C12ACAB2A400E26C51 /* Inter-Thin.ttf */ = {isa = PBXFileReference; lastKnownFileType = file; path = "Inter-Thin.ttf"; sourceTree = "<group>"; };
		1C84296B2AD07EFA00D265F8 /* LoginUserRequest.swift */ = {isa = PBXFileReference; lastKnownFileType = sourcecode.swift; path = LoginUserRequest.swift; sourceTree = "<group>"; };
		1C8449702AD5373F00C1AEE2 /* Inter-BoldItalic.otf */ = {isa = PBXFileReference; lastKnownFileType = file; path = "Inter-BoldItalic.otf"; sourceTree = "<group>"; };
		1C8449712AD5374000C1AEE2 /* Inter-LightItalic.otf */ = {isa = PBXFileReference; lastKnownFileType = file; path = "Inter-LightItalic.otf"; sourceTree = "<group>"; };
		1C95DF3E2AD3B9A700304DEF /* UIColor+Extension.swift */ = {isa = PBXFileReference; lastKnownFileType = sourcecode.swift; path = "UIColor+Extension.swift"; sourceTree = "<group>"; };
		1C95DF402AD3B9E800304DEF /* AppColors.swift */ = {isa = PBXFileReference; lastKnownFileType = sourcecode.swift; path = AppColors.swift; sourceTree = "<group>"; };
		1C9724A12AD7C86900134FB6 /* MostPopularAppsCollectionViewCell.swift */ = {isa = PBXFileReference; lastKnownFileType = sourcecode.swift; path = MostPopularAppsCollectionViewCell.swift; sourceTree = "<group>"; };
		1C9724A22AD7C86900134FB6 /* MostPopularAppsCollectionViewCell.xib */ = {isa = PBXFileReference; lastKnownFileType = file.xib; path = MostPopularAppsCollectionViewCell.xib; sourceTree = "<group>"; };
		1C9886CD2ACD8692001750CF /* SignUpViewController.swift */ = {isa = PBXFileReference; lastKnownFileType = sourcecode.swift; path = SignUpViewController.swift; sourceTree = "<group>"; };
		1C9886CE2ACD8692001750CF /* SignUpViewController.xib */ = {isa = PBXFileReference; lastKnownFileType = file.xib; path = SignUpViewController.xib; sourceTree = "<group>"; };
		1C99AF182AD955B800BCA2FE /* Inter-Italic.otf */ = {isa = PBXFileReference; lastKnownFileType = file; path = "Inter-Italic.otf"; sourceTree = "<group>"; };
		1C99AF1A2AD955FF00BCA2FE /* Inter-MediumItalic.otf */ = {isa = PBXFileReference; lastKnownFileType = file; path = "Inter-MediumItalic.otf"; sourceTree = "<group>"; };
		1C99AF1C2AD958CE00BCA2FE /* AllApps.swift */ = {isa = PBXFileReference; lastKnownFileType = sourcecode.swift; path = AllApps.swift; sourceTree = "<group>"; };
		1CA73BDE2AD3F6B4000EF304 /* HomeViewController.swift */ = {isa = PBXFileReference; lastKnownFileType = sourcecode.swift; path = HomeViewController.swift; sourceTree = "<group>"; };
		1CA73BDF2AD3F6B4000EF304 /* HomeViewController.xib */ = {isa = PBXFileReference; lastKnownFileType = file.xib; path = HomeViewController.xib; sourceTree = "<group>"; };
		1CA73BE82AD3FDE2000EF304 /* FavouriteViewController.swift */ = {isa = PBXFileReference; lastKnownFileType = sourcecode.swift; path = FavouriteViewController.swift; sourceTree = "<group>"; };
		1CA73BE92AD3FDE2000EF304 /* FavouriteViewController.xib */ = {isa = PBXFileReference; lastKnownFileType = file.xib; path = FavouriteViewController.xib; sourceTree = "<group>"; };
		1CBB70472AD543FD00D2DEC8 /* AllAppsHeaderView.swift */ = {isa = PBXFileReference; lastKnownFileType = sourcecode.swift; path = AllAppsHeaderView.swift; sourceTree = "<group>"; };
		1CBB70482AD543FD00D2DEC8 /* AllAppsHeaderView.xib */ = {isa = PBXFileReference; lastKnownFileType = file.xib; path = AllAppsHeaderView.xib; sourceTree = "<group>"; };
		1CBB704D2AD5550600D2DEC8 /* MostPopularAppsTableViewCell.swift */ = {isa = PBXFileReference; lastKnownFileType = sourcecode.swift; path = MostPopularAppsTableViewCell.swift; sourceTree = "<group>"; };
		1CBB704E2AD5550600D2DEC8 /* MostPopularAppsTableViewCell.xib */ = {isa = PBXFileReference; lastKnownFileType = file.xib; path = MostPopularAppsTableViewCell.xib; sourceTree = "<group>"; };
		1CC6BCD52ACFEDA2007AB99D /* BaseViewController.swift */ = {isa = PBXFileReference; lastKnownFileType = sourcecode.swift; path = BaseViewController.swift; sourceTree = "<group>"; };
		490956AC2AC412880067EF05 /* DuplicatedApps.app */ = {isa = PBXFileReference; explicitFileType = wrapper.application; includeInIndex = 0; path = DuplicatedApps.app; sourceTree = BUILT_PRODUCTS_DIR; };
		490956AF2AC412880067EF05 /* AppDelegate.swift */ = {isa = PBXFileReference; lastKnownFileType = sourcecode.swift; path = AppDelegate.swift; sourceTree = "<group>"; };
		490956B12AC412880067EF05 /* SceneDelegate.swift */ = {isa = PBXFileReference; lastKnownFileType = sourcecode.swift; path = SceneDelegate.swift; sourceTree = "<group>"; };
		490956B32AC412880067EF05 /* ViewController.swift */ = {isa = PBXFileReference; lastKnownFileType = sourcecode.swift; path = ViewController.swift; sourceTree = "<group>"; };
		490956B62AC412880067EF05 /* Base */ = {isa = PBXFileReference; lastKnownFileType = file.storyboard; name = Base; path = Base.lproj/Main.storyboard; sourceTree = "<group>"; };
		490956B92AC412880067EF05 /* DuplicatedApps.xcdatamodel */ = {isa = PBXFileReference; lastKnownFileType = wrapper.xcdatamodel; path = DuplicatedApps.xcdatamodel; sourceTree = "<group>"; };
		490956BB2AC412880067EF05 /* Assets.xcassets */ = {isa = PBXFileReference; lastKnownFileType = folder.assetcatalog; path = Assets.xcassets; sourceTree = "<group>"; };
		490956BE2AC412880067EF05 /* Base */ = {isa = PBXFileReference; lastKnownFileType = file.storyboard; name = Base; path = Base.lproj/LaunchScreen.storyboard; sourceTree = "<group>"; };
		490956C02AC412880067EF05 /* Info.plist */ = {isa = PBXFileReference; lastKnownFileType = text.plist.xml; path = Info.plist; sourceTree = "<group>"; };
		497230922AE26B17004959E9 /* CustomListView.swift */ = {isa = PBXFileReference; lastKnownFileType = sourcecode.swift; path = CustomListView.swift; sourceTree = "<group>"; };
		497230942AE26B21004959E9 /* CustomListView.xib */ = {isa = PBXFileReference; lastKnownFileType = file.xib; path = CustomListView.xib; sourceTree = "<group>"; };
		523EF925768B00070C3F7638 /* Pods-DuplicatedApps.release.xcconfig */ = {isa = PBXFileReference; includeInIndex = 1; lastKnownFileType = text.xcconfig; name = "Pods-DuplicatedApps.release.xcconfig"; path = "Target Support Files/Pods-DuplicatedApps/Pods-DuplicatedApps.release.xcconfig"; sourceTree = "<group>"; };
		F6121DC98738B32C2F37993C /* Pods_DuplicatedApps.framework */ = {isa = PBXFileReference; explicitFileType = wrapper.framework; includeInIndex = 0; path = Pods_DuplicatedApps.framework; sourceTree = BUILT_PRODUCTS_DIR; };
/* End PBXFileReference section */

/* Begin PBXFrameworksBuildPhase section */
		490956A92AC412880067EF05 /* Frameworks */ = {
			isa = PBXFrameworksBuildPhase;
			buildActionMask = 2147483647;
			files = (
				CDDD9B5896B18D4955D8911A /* Pods_DuplicatedApps.framework in Frameworks */,
			);
			runOnlyForDeploymentPostprocessing = 0;
		};
/* End PBXFrameworksBuildPhase section */

/* Begin PBXGroup section */
		1C09E5A02AD0439D00C81723 /* Auth */ = {
			isa = PBXGroup;
			children = (
				1C09E5A12AD043C300C81723 /* AuthService.swift */,
				1C007B362AD2E94A00BED4ED /* Validator.swift */,
			);
			path = Auth;
			sourceTree = "<group>";
		};
		1C09E5A32AD0483800C81723 /* Models */ = {
			isa = PBXGroup;
			children = (
				1C09E5A42AD0486A00C81723 /* RegisterUserRequest.swift */,
				1C84296B2AD07EFA00D265F8 /* LoginUserRequest.swift */,
				1C5452EB2AD68F0600D6590C /* Users.swift */,
				1C99AF1C2AD958CE00BCA2FE /* AllApps.swift */,
				1C5721952AF1694B001D569E /* ListApps.swift */,
			);
			path = Models;
			sourceTree = "<group>";
		};
		1C1043EE2AD8621900938A25 /* cell */ = {
			isa = PBXGroup;
			children = (
				1C1043EF2AD9274400938A25 /* AllAppsCollectionViewCell.swift */,
				1C1043F02AD9274400938A25 /* AllAppsCollectionViewCell.xib */,
			);
			path = cell;
			sourceTree = "<group>";
		};
		1C113F592ACAC0EC0010E79F /* WelcomScreenSlide */ = {
			isa = PBXGroup;
			children = (
				1C113F5E2ACAC5B10010E79F /* Slide.swift */,
				1C113F602ACAC5E40010E79F /* Slide.xib */,
			);
			path = WelcomScreenSlide;
			sourceTree = "<group>";
		};
		1C1831452AE902DF00E71966 /* AppsDescription */ = {
			isa = PBXGroup;
			children = (
				1C18314A2AE9055800E71966 /* AppDescriptionView.swift */,
				1C18314B2AE9055800E71966 /* AppDescriptionView.xib */,
			);
			path = AppsDescription;
			sourceTree = "<group>";
		};
		1C1E9A0C2ACAA1CC009824D5 /* WelcomeScreen */ = {
			isa = PBXGroup;
			children = (
				1C74AF522ACB1107001C28E3 /* cell */,
				1C113F592ACAC0EC0010E79F /* WelcomScreenSlide */,
				1C1E9A0F2ACAA29F009824D5 /* WelcomeViewController.swift */,
				1C1E9A102ACAA29F009824D5 /* WelcomeViewController.xib */,
			);
			path = WelcomeScreen;
			sourceTree = "<group>";
		};
		1C1E9A0D2ACAA1DB009824D5 /* LoginScreen */ = {
			isa = PBXGroup;
			children = (
				1C5F60CF2ACBCA87001D1391 /* LoginViewController.swift */,
				1C5F60D02ACBCA87001D1391 /* LoginViewController.xib */,
			);
			path = LoginScreen;
			sourceTree = "<group>";
		};
		1C1E9A0E2ACAA242009824D5 /* SignUpScreen */ = {
			isa = PBXGroup;
			children = (
				1C9886CD2ACD8692001750CF /* SignUpViewController.swift */,
				1C9886CE2ACD8692001750CF /* SignUpViewController.xib */,
			);
			path = SignUpScreen;
			sourceTree = "<group>";
		};
		1C1E9A132ACAA2F8009824D5 /* Extensions */ = {
			isa = PBXGroup;
			children = (
				1C1E9A142ACAA313009824D5 /* NSObject+Extension.swift */,
				1C95DF3E2AD3B9A700304DEF /* UIColor+Extension.swift */,
			);
			path = Extensions;
			sourceTree = "<group>";
		};
		1C1E9A162ACAA4B5009824D5 /* Constants */ = {
			isa = PBXGroup;
			children = (
				1C1E9A172ACAA4CF009824D5 /* AppImages.swift */,
				1C007B382AD2F75900BED4ED /* AlertManager.swift */,
				1C95DF402AD3B9E800304DEF /* AppColors.swift */,
				1C4E6DA92AD816E200CDC219 /* AppFonts.swift */,
			);
			path = Constants;
			sourceTree = "<group>";
		};
		1C42B6892ADE89DF008B7ACF /* cell */ = {
			isa = PBXGroup;
			children = (
				1C42B68A2ADE8A08008B7ACF /* ListAppsTableViewCell.swift */,
				1C42B68B2ADE8A08008B7ACF /* ListAppsTableViewCell.xib */,
			);
			path = cell;
			sourceTree = "<group>";
		};
		1C4E6DA72AD814E100CDC219 /* Allapps */ = {
			isa = PBXGroup;
			children = (
				1CBB70472AD543FD00D2DEC8 /* AllAppsHeaderView.swift */,
				1CBB70482AD543FD00D2DEC8 /* AllAppsHeaderView.xib */,
			);
			path = Allapps;
			sourceTree = "<group>";
		};
		1C4E6DA82AD814F300CDC219 /* Mostpopularapps */ = {
			isa = PBXGroup;
			children = (
				1C1043E62AD849E000938A25 /* MostPopularAppsHeaderView.swift */,
				1C1043E72AD849E000938A25 /* MostPopularAppsHeaderView.xib */,
			);
			path = Mostpopularapps;
			sourceTree = "<group>";
		};
		1C6B03002ADA6ECA00EED468 /* Modules */ = {
			isa = PBXGroup;
			children = (
				1C6B030E2ADA9CA700EED468 /* TabBar */,
			);
			path = Modules;
			sourceTree = "<group>";
		};
		1C6B030E2ADA9CA700EED468 /* TabBar */ = {
			isa = PBXGroup;
			children = (
				1C6B03102ADA9CCE00EED468 /* TabController.swift */,
			);
			path = TabBar;
			sourceTree = "<group>";
		};
		1C74AF522ACB1107001C28E3 /* cell */ = {
			isa = PBXGroup;
			children = (
				1C74AF532ACB1139001C28E3 /* WelcomeScreenSlideCollectionViewCell.swift */,
				1C74AF542ACB1139001C28E3 /* WelcomeScreenSlideCollectionViewCell.xib */,
			);
			path = cell;
			sourceTree = "<group>";
		};
		1C7D63BB2ACAB1E800E26C51 /* Resources */ = {
			isa = PBXGroup;
			children = (
				1C7D63BD2ACAB26000E26C51 /* font */,
				490956BB2AC412880067EF05 /* Assets.xcassets */,
			);
			path = Resources;
			sourceTree = "<group>";
		};
		1C7D63BC2ACAB21700E26C51 /* Controller */ = {
			isa = PBXGroup;
			children = (
				1CA73BEC2AD3FEC4000EF304 /* SettingScreen */,
				1CA73BE72AD3FCB5000EF304 /* FavouriteScreen */,
				1CA73BDB2AD3F528000EF304 /* HomeScreen */,
				1CC6BCD42ACFED8F007AB99D /* Base */,
				1C1E9A0E2ACAA242009824D5 /* SignUpScreen */,
				1C1E9A0D2ACAA1DB009824D5 /* LoginScreen */,
				1C1E9A0C2ACAA1CC009824D5 /* WelcomeScreen */,
			);
			path = Controller;
			sourceTree = "<group>";
		};
		1C7D63BD2ACAB26000E26C51 /* font */ = {
			isa = PBXGroup;
			children = (
				1C7D63C02ACAB2A400E26C51 /* Inter-Medium.ttf */,
				1C7D63C12ACAB2A400E26C51 /* Inter-Thin.ttf */,
				1C8449702AD5373F00C1AEE2 /* Inter-BoldItalic.otf */,
				1C99AF1A2AD955FF00BCA2FE /* Inter-MediumItalic.otf */,
				1C6B02ED2ADA516E00EED468 /* Poppins-Black.ttf */,
				1C6B02E52ADA516C00EED468 /* Poppins-BlackItalic.ttf */,
				1C6B02E32ADA516C00EED468 /* Poppins-Bold.ttf */,
				1C6B02E92ADA516E00EED468 /* Poppins-BoldItalic.ttf */,
				1C6B02DD2ADA516B00EED468 /* Poppins-ExtraBold.ttf */,
				1C6B02E42ADA516C00EED468 /* Poppins-ExtraBoldItalic.ttf */,
				1C6B02EA2ADA516E00EED468 /* Poppins-ExtraLight.ttf */,
				1C6B02E22ADA516C00EED468 /* Poppins-ExtraLightItalic.ttf */,
				1C6B02DF2ADA516B00EED468 /* Poppins-Italic.ttf */,
				1C6B02E02ADA516B00EED468 /* Poppins-Light.ttf */,
				1C6B02EB2ADA516E00EED468 /* Poppins-LightItalic.ttf */,
				1C6B02E62ADA516D00EED468 /* Poppins-Medium.ttf */,
				1C6B02DC2ADA516B00EED468 /* Poppins-MediumItalic.ttf */,
				1C6B02E72ADA516D00EED468 /* Poppins-Regular.ttf */,
				1C6B02E82ADA516D00EED468 /* Poppins-SemiBold.ttf */,
				1C6B02DE2ADA516B00EED468 /* Poppins-SemiBoldItalic.ttf */,
				1C6B02E12ADA516C00EED468 /* Poppins-Thin.ttf */,
				1C6B02EC2ADA516E00EED468 /* Poppins-ThinItalic.ttf */,
				1C99AF182AD955B800BCA2FE /* Inter-Italic.otf */,
				1C8449712AD5374000C1AEE2 /* Inter-LightItalic.otf */,
			);
			path = font;
			sourceTree = "<group>";
		};
		1C8449742AD53B5400C1AEE2 /* Header */ = {
			isa = PBXGroup;
			children = (
				1C4E6DA82AD814F300CDC219 /* Mostpopularapps */,
				1C4E6DA72AD814E100CDC219 /* Allapps */,
			);
			path = Header;
			sourceTree = "<group>";
		};
		1CA73BDB2AD3F528000EF304 /* HomeScreen */ = {
			isa = PBXGroup;
			children = (
				1C1831452AE902DF00E71966 /* AppsDescription */,
				1CEA07B52ADDAB3900BB4E40 /* ListApps */,
				1CBB704C2AD5538800D2DEC8 /* AllApps */,
				1CBB704B2AD54F2B00D2DEC8 /* MostPopularApps */,
				1C8449742AD53B5400C1AEE2 /* Header */,
				1CA73BDE2AD3F6B4000EF304 /* HomeViewController.swift */,
				1CA73BDF2AD3F6B4000EF304 /* HomeViewController.xib */,
			);
			path = HomeScreen;
			sourceTree = "<group>";
		};
		1CA73BE22AD3F708000EF304 /* Supporting */ = {
			isa = PBXGroup;
			children = (
				490956AF2AC412880067EF05 /* AppDelegate.swift */,
				490956B12AC412880067EF05 /* SceneDelegate.swift */,
			);
			path = Supporting;
			sourceTree = "<group>";
		};
		1CA73BE72AD3FCB5000EF304 /* FavouriteScreen */ = {
			isa = PBXGroup;
			children = (
				1CA73BE82AD3FDE2000EF304 /* FavouriteViewController.swift */,
				1CA73BE92AD3FDE2000EF304 /* FavouriteViewController.xib */,
			);
			path = FavouriteScreen;
			sourceTree = "<group>";
		};
		1CA73BEC2AD3FEC4000EF304 /* SettingScreen */ = {
			isa = PBXGroup;
			children = (
				1C0F1EEF2AD45BD200342C90 /* SettingViewController.swift */,
				1C0F1EF02AD45BD200342C90 /* SettingViewController.xib */,
			);
			path = SettingScreen;
			sourceTree = "<group>";
		};
		1CBB704B2AD54F2B00D2DEC8 /* MostPopularApps */ = {
			isa = PBXGroup;
			children = (
				1CBB70512AD5550B00D2DEC8 /* cell */,
				1CBB704D2AD5550600D2DEC8 /* MostPopularAppsTableViewCell.swift */,
				1CBB704E2AD5550600D2DEC8 /* MostPopularAppsTableViewCell.xib */,
			);
			path = MostPopularApps;
			sourceTree = "<group>";
		};
		1CBB704C2AD5538800D2DEC8 /* AllApps */ = {
			isa = PBXGroup;
			children = (
				1C1043EE2AD8621900938A25 /* cell */,
				1C1043EA2AD8620C00938A25 /* AllAppsTableViewCell.swift */,
				1C1043EB2AD8620C00938A25 /* AllAppsTableViewCell.xib */,
			);
			path = AllApps;
			sourceTree = "<group>";
		};
		1CBB70512AD5550B00D2DEC8 /* cell */ = {
			isa = PBXGroup;
			children = (
				1C9724A12AD7C86900134FB6 /* MostPopularAppsCollectionViewCell.swift */,
				1C9724A22AD7C86900134FB6 /* MostPopularAppsCollectionViewCell.xib */,
			);
			path = cell;
			sourceTree = "<group>";
		};
		1CC6BCD42ACFED8F007AB99D /* Base */ = {
			isa = PBXGroup;
			children = (
				1CC6BCD52ACFEDA2007AB99D /* BaseViewController.swift */,
			);
			path = Base;
			sourceTree = "<group>";
		};
		1CEA07B52ADDAB3900BB4E40 /* ListApps */ = {
			isa = PBXGroup;
			children = (
				1C42B6892ADE89DF008B7ACF /* cell */,
				497230922AE26B17004959E9 /* CustomListView.swift */,
				497230942AE26B21004959E9 /* CustomListView.xib */,
			);
			path = ListApps;
			sourceTree = "<group>";
		};
		490956A32AC412870067EF05 = {
			isa = PBXGroup;
			children = (
				490956AE2AC412880067EF05 /* DuplicatedApps */,
				490956AD2AC412880067EF05 /* Products */,
				65E1F9592DC9B8E6FD8E5D95 /* Pods */,
				B6C265F3CE051AEC7C5BCD66 /* Frameworks */,
			);
			sourceTree = "<group>";
		};
		490956AD2AC412880067EF05 /* Products */ = {
			isa = PBXGroup;
			children = (
				490956AC2AC412880067EF05 /* DuplicatedApps.app */,
			);
			name = Products;
			sourceTree = "<group>";
		};
		490956AE2AC412880067EF05 /* DuplicatedApps */ = {
			isa = PBXGroup;
			children = (
				1C09E5A02AD0439D00C81723 /* Auth */,
				1C1E9A162ACAA4B5009824D5 /* Constants */,
				1C7D63BC2ACAB21700E26C51 /* Controller */,
				490956B82AC412880067EF05 /* DuplicatedApps.xcdatamodeld */,
				1C1E9A132ACAA2F8009824D5 /* Extensions */,
				1C02085D2AD013BF0094F29E /* GoogleService-Info.plist */,
				490956C02AC412880067EF05 /* Info.plist */,
				490956BD2AC412880067EF05 /* LaunchScreen.storyboard */,
				490956B52AC412880067EF05 /* Main.storyboard */,
				1C09E5A32AD0483800C81723 /* Models */,
				1C6B03002ADA6ECA00EED468 /* Modules */,
				1C7D63BB2ACAB1E800E26C51 /* Resources */,
				1CA73BE22AD3F708000EF304 /* Supporting */,
				490956B32AC412880067EF05 /* ViewController.swift */,
			);
			path = DuplicatedApps;
			sourceTree = "<group>";
		};
		65E1F9592DC9B8E6FD8E5D95 /* Pods */ = {
			isa = PBXGroup;
			children = (
				032C4A4164A655EEA1528E03 /* Pods-DuplicatedApps.debug.xcconfig */,
				523EF925768B00070C3F7638 /* Pods-DuplicatedApps.release.xcconfig */,
			);
			path = Pods;
			sourceTree = "<group>";
		};
		B6C265F3CE051AEC7C5BCD66 /* Frameworks */ = {
			isa = PBXGroup;
			children = (
				F6121DC98738B32C2F37993C /* Pods_DuplicatedApps.framework */,
			);
			name = Frameworks;
			sourceTree = "<group>";
		};
/* End PBXGroup section */

/* Begin PBXNativeTarget section */
		490956AB2AC412880067EF05 /* DuplicatedApps */ = {
			isa = PBXNativeTarget;
			buildConfigurationList = 490956C32AC412880067EF05 /* Build configuration list for PBXNativeTarget "DuplicatedApps" */;
			buildPhases = (
				0D077210B25EF46DE5D6AEC3 /* [CP] Check Pods Manifest.lock */,
				490956A82AC412880067EF05 /* Sources */,
				490956A92AC412880067EF05 /* Frameworks */,
				490956AA2AC412880067EF05 /* Resources */,
				7F6FC3E8BB90EF7E306409D2 /* [CP] Embed Pods Frameworks */,
				1C15E8F22ADC108000DB06ED /* ShellScript */,
			);
			buildRules = (
			);
			dependencies = (
			);
			name = DuplicatedApps;
			productName = DuplicatedApps;
			productReference = 490956AC2AC412880067EF05 /* DuplicatedApps.app */;
			productType = "com.apple.product-type.application";
		};
/* End PBXNativeTarget section */

/* Begin PBXProject section */
		490956A42AC412870067EF05 /* Project object */ = {
			isa = PBXProject;
			attributes = {
				BuildIndependentTargetsInParallel = 1;
				LastSwiftUpdateCheck = 1430;
				LastUpgradeCheck = 1500;
				TargetAttributes = {
					490956AB2AC412880067EF05 = {
						CreatedOnToolsVersion = 14.3;
					};
				};
			};
			buildConfigurationList = 490956A72AC412870067EF05 /* Build configuration list for PBXProject "DuplicatedApps" */;
			compatibilityVersion = "Xcode 14.0";
			developmentRegion = en;
			hasScannedForEncodings = 0;
			knownRegions = (
				en,
				Base,
			);
			mainGroup = 490956A32AC412870067EF05;
			productRefGroup = 490956AD2AC412880067EF05 /* Products */;
			projectDirPath = "";
			projectRoot = "";
			targets = (
				490956AB2AC412880067EF05 /* DuplicatedApps */,
			);
		};
/* End PBXProject section */

/* Begin PBXResourcesBuildPhase section */
		490956AA2AC412880067EF05 /* Resources */ = {
			isa = PBXResourcesBuildPhase;
			buildActionMask = 2147483647;
			files = (
				1C99AF192AD955B800BCA2FE /* Inter-Italic.otf in Resources */,
				1CA73BEB2AD3FDE2000EF304 /* FavouriteViewController.xib in Resources */,
				1C6B02F12ADA516E00EED468 /* Poppins-Italic.ttf in Resources */,
				1C6B02F92ADA516E00EED468 /* Poppins-Regular.ttf in Resources */,
				1C6B02F52ADA516E00EED468 /* Poppins-Bold.ttf in Resources */,
				1C1043ED2AD8620C00938A25 /* AllAppsTableViewCell.xib in Resources */,
				1C02085E2AD013BF0094F29E /* GoogleService-Info.plist in Resources */,
				1C18314D2AE9055800E71966 /* AppDescriptionView.xib in Resources */,
				1C6B02F62ADA516E00EED468 /* Poppins-ExtraBoldItalic.ttf in Resources */,
				1C9724A42AD7C86900134FB6 /* MostPopularAppsCollectionViewCell.xib in Resources */,
				1C6B02F02ADA516E00EED468 /* Poppins-SemiBoldItalic.ttf in Resources */,
				1CBB70502AD5550600D2DEC8 /* MostPopularAppsTableViewCell.xib in Resources */,
				1C5F60D22ACBCA87001D1391 /* LoginViewController.xib in Resources */,
				1C6B02FC2ADA516E00EED468 /* Poppins-ExtraLight.ttf in Resources */,
				1C6B02F32ADA516E00EED468 /* Poppins-Thin.ttf in Resources */,
				1C8449732AD5374000C1AEE2 /* Inter-LightItalic.otf in Resources */,
				1CBB704A2AD543FD00D2DEC8 /* AllAppsHeaderView.xib in Resources */,
				1C6B02EE2ADA516E00EED468 /* Poppins-MediumItalic.ttf in Resources */,
				1C0F1EF22AD45BD300342C90 /* SettingViewController.xib in Resources */,
				490956BF2AC412880067EF05 /* LaunchScreen.storyboard in Resources */,
				1C6B02F42ADA516E00EED468 /* Poppins-ExtraLightItalic.ttf in Resources */,
				1C6B02EF2ADA516E00EED468 /* Poppins-ExtraBold.ttf in Resources */,
				1C1E9A122ACAA29F009824D5 /* WelcomeViewController.xib in Resources */,
				1C6B02F72ADA516E00EED468 /* Poppins-BlackItalic.ttf in Resources */,
				1C8449722AD5374000C1AEE2 /* Inter-BoldItalic.otf in Resources */,
				1C6B02FF2ADA516E00EED468 /* Poppins-Black.ttf in Resources */,
				1C6B02FB2ADA516E00EED468 /* Poppins-BoldItalic.ttf in Resources */,
				1C1043F22AD9274400938A25 /* AllAppsCollectionViewCell.xib in Resources */,
				1C7D63C32ACAB2A400E26C51 /* Inter-Thin.ttf in Resources */,
				1C6B02FA2ADA516E00EED468 /* Poppins-SemiBold.ttf in Resources */,
				1C99AF1B2AD955FF00BCA2FE /* Inter-MediumItalic.otf in Resources */,
				1C113F612ACAC5E40010E79F /* Slide.xib in Resources */,
				490956BC2AC412880067EF05 /* Assets.xcassets in Resources */,
				1C42B68D2ADE8A08008B7ACF /* ListAppsTableViewCell.xib in Resources */,
				1C6B02FD2ADA516E00EED468 /* Poppins-LightItalic.ttf in Resources */,
				1C74AF562ACB1139001C28E3 /* WelcomeScreenSlideCollectionViewCell.xib in Resources */,
				1C7D63C22ACAB2A400E26C51 /* Inter-Medium.ttf in Resources */,
				1C6B02F82ADA516E00EED468 /* Poppins-Medium.ttf in Resources */,
				490956B72AC412880067EF05 /* Main.storyboard in Resources */,
				1C9886D02ACD8692001750CF /* SignUpViewController.xib in Resources */,
				1C6B02F22ADA516E00EED468 /* Poppins-Light.ttf in Resources */,
				497230952AE26B21004959E9 /* CustomListView.xib in Resources */,
				1CA73BE12AD3F6B4000EF304 /* HomeViewController.xib in Resources */,
				1C6B02FE2ADA516E00EED468 /* Poppins-ThinItalic.ttf in Resources */,
				1C1043E92AD849E000938A25 /* MostPopularAppsHeaderView.xib in Resources */,
			);
			runOnlyForDeploymentPostprocessing = 0;
		};
/* End PBXResourcesBuildPhase section */

/* Begin PBXShellScriptBuildPhase section */
		0D077210B25EF46DE5D6AEC3 /* [CP] Check Pods Manifest.lock */ = {
			isa = PBXShellScriptBuildPhase;
			buildActionMask = 2147483647;
			files = (
			);
			inputFileListPaths = (
			);
			inputPaths = (
				"${PODS_PODFILE_DIR_PATH}/Podfile.lock",
				"${PODS_ROOT}/Manifest.lock",
			);
			name = "[CP] Check Pods Manifest.lock";
			outputFileListPaths = (
			);
			outputPaths = (
				"$(DERIVED_FILE_DIR)/Pods-DuplicatedApps-checkManifestLockResult.txt",
			);
			runOnlyForDeploymentPostprocessing = 0;
			shellPath = /bin/sh;
			shellScript = "diff \"${PODS_PODFILE_DIR_PATH}/Podfile.lock\" \"${PODS_ROOT}/Manifest.lock\" > /dev/null\nif [ $? != 0 ] ; then\n    # print error to STDERR\n    echo \"error: The sandbox is not in sync with the Podfile.lock. Run 'pod install' or update your CocoaPods installation.\" >&2\n    exit 1\nfi\n# This output is used by Xcode 'outputs' to avoid re-running this script phase.\necho \"SUCCESS\" > \"${SCRIPT_OUTPUT_FILE_0}\"\n";
			showEnvVarsInLog = 0;
		};
		1C15E8F22ADC108000DB06ED /* ShellScript */ = {
			isa = PBXShellScriptBuildPhase;
			buildActionMask = 12;
			files = (
			);
			inputFileListPaths = (
			);
			inputPaths = (
			);
			outputFileListPaths = (
			);
			outputPaths = (
			);
			runOnlyForDeploymentPostprocessing = 0;
			shellPath = /bin/sh;
			shellScript = "# Type a script or drag a script file from your workspace to insert its path.\nif which swiftlint >/dev/null; then\n  swiftlint\nelse\n  echo \"warning: SwiftLint not installed, download from https://github.com/realm/SwiftLint\"\nfi\n";
		};
		7F6FC3E8BB90EF7E306409D2 /* [CP] Embed Pods Frameworks */ = {
			isa = PBXShellScriptBuildPhase;
			buildActionMask = 2147483647;
			files = (
			);
			inputFileListPaths = (
				"${PODS_ROOT}/Target Support Files/Pods-DuplicatedApps/Pods-DuplicatedApps-frameworks-${CONFIGURATION}-input-files.xcfilelist",
			);
			name = "[CP] Embed Pods Frameworks";
			outputFileListPaths = (
				"${PODS_ROOT}/Target Support Files/Pods-DuplicatedApps/Pods-DuplicatedApps-frameworks-${CONFIGURATION}-output-files.xcfilelist",
			);
			runOnlyForDeploymentPostprocessing = 0;
			shellPath = /bin/sh;
			shellScript = "\"${PODS_ROOT}/Target Support Files/Pods-DuplicatedApps/Pods-DuplicatedApps-frameworks.sh\"\n";
			showEnvVarsInLog = 0;
		};
/* End PBXShellScriptBuildPhase section */

/* Begin PBXSourcesBuildPhase section */
		490956A82AC412880067EF05 /* Sources */ = {
			isa = PBXSourcesBuildPhase;
			buildActionMask = 2147483647;
			files = (
				1C007B372AD2E94A00BED4ED /* Validator.swift in Sources */,
				1C1043EC2AD8620C00938A25 /* AllAppsTableViewCell.swift in Sources */,
				1C95DF3F2AD3B9A700304DEF /* UIColor+Extension.swift in Sources */,
				1C18314C2AE9055800E71966 /* AppDescriptionView.swift in Sources */,
				1CA73BEA2AD3FDE2000EF304 /* FavouriteViewController.swift in Sources */,
				1C007B392AD2F75900BED4ED /* AlertManager.swift in Sources */,
				1CBB704F2AD5550600D2DEC8 /* MostPopularAppsTableViewCell.swift in Sources */,
				1C9886CF2ACD8692001750CF /* SignUpViewController.swift in Sources */,
				490956B42AC412880067EF05 /* ViewController.swift in Sources */,
				1CA73BE02AD3F6B4000EF304 /* HomeViewController.swift in Sources */,
				1C6B03122ADA9CCE00EED468 /* TabController.swift in Sources */,
				1C1043E82AD849E000938A25 /* MostPopularAppsHeaderView.swift in Sources */,
				1C1E9A112ACAA29F009824D5 /* WelcomeViewController.swift in Sources */,
				1C1E9A182ACAA4CF009824D5 /* AppImages.swift in Sources */,
				1CBB70492AD543FD00D2DEC8 /* AllAppsHeaderView.swift in Sources */,
				1C1043F12AD9274400938A25 /* AllAppsCollectionViewCell.swift in Sources */,
				490956B02AC412880067EF05 /* AppDelegate.swift in Sources */,
				1CC6BCD62ACFEDA2007AB99D /* BaseViewController.swift in Sources */,
				1C09E5A22AD043C300C81723 /* AuthService.swift in Sources */,
				490956BA2AC412880067EF05 /* DuplicatedApps.xcdatamodeld in Sources */,
				1C4E6DAA2AD816E200CDC219 /* AppFonts.swift in Sources */,
				490956B22AC412880067EF05 /* SceneDelegate.swift in Sources */,
				1C99AF1D2AD958CE00BCA2FE /* AllApps.swift in Sources */,
				1C1E9A152ACAA313009824D5 /* NSObject+Extension.swift in Sources */,
				1C5452EC2AD68F0600D6590C /* Users.swift in Sources */,
				1C95DF412AD3B9E800304DEF /* AppColors.swift in Sources */,
				1C74AF552ACB1139001C28E3 /* WelcomeScreenSlideCollectionViewCell.swift in Sources */,
				1C0F1EF12AD45BD300342C90 /* SettingViewController.swift in Sources */,
				1C84296C2AD07EFA00D265F8 /* LoginUserRequest.swift in Sources */,
				1C5721962AF1694B001D569E /* ListApps.swift in Sources */,
				1C5F60D12ACBCA87001D1391 /* LoginViewController.swift in Sources */,
				1C113F5F2ACAC5B10010E79F /* Slide.swift in Sources */,
				1C09E5A52AD0486A00C81723 /* RegisterUserRequest.swift in Sources */,
				1C9724A32AD7C86900134FB6 /* MostPopularAppsCollectionViewCell.swift in Sources */,
				1C42B68C2ADE8A08008B7ACF /* ListAppsTableViewCell.swift in Sources */,
				497230932AE26B17004959E9 /* CustomListView.swift in Sources */,
			);
			runOnlyForDeploymentPostprocessing = 0;
		};
/* End PBXSourcesBuildPhase section */

/* Begin PBXVariantGroup section */
		490956B52AC412880067EF05 /* Main.storyboard */ = {
			isa = PBXVariantGroup;
			children = (
				490956B62AC412880067EF05 /* Base */,
			);
			name = Main.storyboard;
			sourceTree = "<group>";
		};
		490956BD2AC412880067EF05 /* LaunchScreen.storyboard */ = {
			isa = PBXVariantGroup;
			children = (
				490956BE2AC412880067EF05 /* Base */,
			);
			name = LaunchScreen.storyboard;
			sourceTree = "<group>";
		};
/* End PBXVariantGroup section */

/* Begin XCBuildConfiguration section */
		490956C12AC412880067EF05 /* Debug */ = {
			isa = XCBuildConfiguration;
			buildSettings = {
				ALWAYS_SEARCH_USER_PATHS = NO;
				CLANG_ANALYZER_NONNULL = YES;
				CLANG_ANALYZER_NUMBER_OBJECT_CONVERSION = YES_AGGRESSIVE;
				CLANG_CXX_LANGUAGE_STANDARD = "gnu++20";
				CLANG_ENABLE_MODULES = YES;
				CLANG_ENABLE_OBJC_ARC = YES;
				CLANG_ENABLE_OBJC_WEAK = YES;
				CLANG_WARN_BLOCK_CAPTURE_AUTORELEASING = YES;
				CLANG_WARN_BOOL_CONVERSION = YES;
				CLANG_WARN_COMMA = YES;
				CLANG_WARN_CONSTANT_CONVERSION = YES;
				CLANG_WARN_DEPRECATED_OBJC_IMPLEMENTATIONS = YES;
				CLANG_WARN_DIRECT_OBJC_ISA_USAGE = YES_ERROR;
				CLANG_WARN_DOCUMENTATION_COMMENTS = YES;
				CLANG_WARN_EMPTY_BODY = YES;
				CLANG_WARN_ENUM_CONVERSION = YES;
				CLANG_WARN_INFINITE_RECURSION = YES;
				CLANG_WARN_INT_CONVERSION = YES;
				CLANG_WARN_NON_LITERAL_NULL_CONVERSION = YES;
				CLANG_WARN_OBJC_IMPLICIT_RETAIN_SELF = YES;
				CLANG_WARN_OBJC_LITERAL_CONVERSION = YES;
				CLANG_WARN_OBJC_ROOT_CLASS = YES_ERROR;
				CLANG_WARN_QUOTED_INCLUDE_IN_FRAMEWORK_HEADER = YES;
				CLANG_WARN_RANGE_LOOP_ANALYSIS = YES;
				CLANG_WARN_STRICT_PROTOTYPES = YES;
				CLANG_WARN_SUSPICIOUS_MOVE = YES;
				CLANG_WARN_UNGUARDED_AVAILABILITY = YES_AGGRESSIVE;
				CLANG_WARN_UNREACHABLE_CODE = YES;
				CLANG_WARN__DUPLICATE_METHOD_MATCH = YES;
				COPY_PHASE_STRIP = NO;
				DEBUG_INFORMATION_FORMAT = dwarf;
				ENABLE_STRICT_OBJC_MSGSEND = YES;
				ENABLE_TESTABILITY = YES;
				ENABLE_USER_SCRIPT_SANDBOXING = YES;
				GCC_C_LANGUAGE_STANDARD = gnu11;
				GCC_DYNAMIC_NO_PIC = NO;
				GCC_NO_COMMON_BLOCKS = YES;
				GCC_OPTIMIZATION_LEVEL = 0;
				GCC_PREPROCESSOR_DEFINITIONS = (
					"DEBUG=1",
					"$(inherited)",
				);
				GCC_WARN_64_TO_32_BIT_CONVERSION = YES;
				GCC_WARN_ABOUT_RETURN_TYPE = YES_ERROR;
				GCC_WARN_UNDECLARED_SELECTOR = YES;
				GCC_WARN_UNINITIALIZED_AUTOS = YES_AGGRESSIVE;
				GCC_WARN_UNUSED_FUNCTION = YES;
				GCC_WARN_UNUSED_VARIABLE = YES;
				IPHONEOS_DEPLOYMENT_TARGET = 16.4;
				MTL_ENABLE_DEBUG_INFO = INCLUDE_SOURCE;
				MTL_FAST_MATH = YES;
				ONLY_ACTIVE_ARCH = YES;
				SDKROOT = iphoneos;
				SWIFT_ACTIVE_COMPILATION_CONDITIONS = DEBUG;
				SWIFT_OPTIMIZATION_LEVEL = "-Onone";
			};
			name = Debug;
		};
		490956C22AC412880067EF05 /* Release */ = {
			isa = XCBuildConfiguration;
			buildSettings = {
				ALWAYS_SEARCH_USER_PATHS = NO;
				CLANG_ANALYZER_NONNULL = YES;
				CLANG_ANALYZER_NUMBER_OBJECT_CONVERSION = YES_AGGRESSIVE;
				CLANG_CXX_LANGUAGE_STANDARD = "gnu++20";
				CLANG_ENABLE_MODULES = YES;
				CLANG_ENABLE_OBJC_ARC = YES;
				CLANG_ENABLE_OBJC_WEAK = YES;
				CLANG_WARN_BLOCK_CAPTURE_AUTORELEASING = YES;
				CLANG_WARN_BOOL_CONVERSION = YES;
				CLANG_WARN_COMMA = YES;
				CLANG_WARN_CONSTANT_CONVERSION = YES;
				CLANG_WARN_DEPRECATED_OBJC_IMPLEMENTATIONS = YES;
				CLANG_WARN_DIRECT_OBJC_ISA_USAGE = YES_ERROR;
				CLANG_WARN_DOCUMENTATION_COMMENTS = YES;
				CLANG_WARN_EMPTY_BODY = YES;
				CLANG_WARN_ENUM_CONVERSION = YES;
				CLANG_WARN_INFINITE_RECURSION = YES;
				CLANG_WARN_INT_CONVERSION = YES;
				CLANG_WARN_NON_LITERAL_NULL_CONVERSION = YES;
				CLANG_WARN_OBJC_IMPLICIT_RETAIN_SELF = YES;
				CLANG_WARN_OBJC_LITERAL_CONVERSION = YES;
				CLANG_WARN_OBJC_ROOT_CLASS = YES_ERROR;
				CLANG_WARN_QUOTED_INCLUDE_IN_FRAMEWORK_HEADER = YES;
				CLANG_WARN_RANGE_LOOP_ANALYSIS = YES;
				CLANG_WARN_STRICT_PROTOTYPES = YES;
				CLANG_WARN_SUSPICIOUS_MOVE = YES;
				CLANG_WARN_UNGUARDED_AVAILABILITY = YES_AGGRESSIVE;
				CLANG_WARN_UNREACHABLE_CODE = YES;
				CLANG_WARN__DUPLICATE_METHOD_MATCH = YES;
				COPY_PHASE_STRIP = NO;
				DEBUG_INFORMATION_FORMAT = "dwarf-with-dsym";
				ENABLE_NS_ASSERTIONS = NO;
				ENABLE_STRICT_OBJC_MSGSEND = YES;
				ENABLE_USER_SCRIPT_SANDBOXING = YES;
				GCC_C_LANGUAGE_STANDARD = gnu11;
				GCC_NO_COMMON_BLOCKS = YES;
				GCC_WARN_64_TO_32_BIT_CONVERSION = YES;
				GCC_WARN_ABOUT_RETURN_TYPE = YES_ERROR;
				GCC_WARN_UNDECLARED_SELECTOR = YES;
				GCC_WARN_UNINITIALIZED_AUTOS = YES_AGGRESSIVE;
				GCC_WARN_UNUSED_FUNCTION = YES;
				GCC_WARN_UNUSED_VARIABLE = YES;
				IPHONEOS_DEPLOYMENT_TARGET = 16.4;
				MTL_ENABLE_DEBUG_INFO = NO;
				MTL_FAST_MATH = YES;
				SDKROOT = iphoneos;
				SWIFT_COMPILATION_MODE = wholemodule;
				SWIFT_OPTIMIZATION_LEVEL = "-O";
				VALIDATE_PRODUCT = YES;
			};
			name = Release;
		};
		490956C42AC412880067EF05 /* Debug */ = {
			isa = XCBuildConfiguration;
			baseConfigurationReference = 032C4A4164A655EEA1528E03 /* Pods-DuplicatedApps.debug.xcconfig */;
			buildSettings = {
				ASSETCATALOG_COMPILER_APPICON_NAME = AppIcon;
				ASSETCATALOG_COMPILER_GLOBAL_ACCENT_COLOR_NAME = AccentColor;
				CODE_SIGN_STYLE = Automatic;
				CURRENT_PROJECT_VERSION = 1;
				DEVELOPMENT_TEAM = 9YN9674B5Y;
				ENABLE_USER_SCRIPT_SANDBOXING = NO;
				GENERATE_INFOPLIST_FILE = YES;
				INFOPLIST_FILE = DuplicatedApps/Info.plist;
				INFOPLIST_KEY_UIApplicationSupportsIndirectInputEvents = YES;
				INFOPLIST_KEY_UILaunchStoryboardName = LaunchScreen;
				INFOPLIST_KEY_UIMainStoryboardFile = Main;
				INFOPLIST_KEY_UISupportedInterfaceOrientations_iPad = "UIInterfaceOrientationPortrait UIInterfaceOrientationPortraitUpsideDown UIInterfaceOrientationLandscapeLeft UIInterfaceOrientationLandscapeRight";
				INFOPLIST_KEY_UISupportedInterfaceOrientations_iPhone = "UIInterfaceOrientationPortrait UIInterfaceOrientationLandscapeLeft UIInterfaceOrientationLandscapeRight";
				IPHONEOS_DEPLOYMENT_TARGET = 14.0;
				LD_RUNPATH_SEARCH_PATHS = (
					"$(inherited)",
					"@executable_path/Frameworks",
				);
				MARKETING_VERSION = 1.0;
				PRODUCT_BUNDLE_IDENTIFIER = com.dofuulive.iosapp.duplicated;
				PRODUCT_NAME = "$(TARGET_NAME)";
				SWIFT_EMIT_LOC_STRINGS = YES;
				SWIFT_VERSION = 5.0;
				TARGETED_DEVICE_FAMILY = "1,2";
			};
			name = Debug;
		};
		490956C52AC412880067EF05 /* Release */ = {
			isa = XCBuildConfiguration;
			baseConfigurationReference = 523EF925768B00070C3F7638 /* Pods-DuplicatedApps.release.xcconfig */;
			buildSettings = {
				ASSETCATALOG_COMPILER_APPICON_NAME = AppIcon;
				ASSETCATALOG_COMPILER_GLOBAL_ACCENT_COLOR_NAME = AccentColor;
				CODE_SIGN_STYLE = Automatic;
				CURRENT_PROJECT_VERSION = 1;
				DEVELOPMENT_TEAM = 9YN9674B5Y;
				ENABLE_USER_SCRIPT_SANDBOXING = NO;
				GENERATE_INFOPLIST_FILE = YES;
				INFOPLIST_FILE = DuplicatedApps/Info.plist;
				INFOPLIST_KEY_UIApplicationSupportsIndirectInputEvents = YES;
				INFOPLIST_KEY_UILaunchStoryboardName = LaunchScreen;
				INFOPLIST_KEY_UIMainStoryboardFile = Main;
				INFOPLIST_KEY_UISupportedInterfaceOrientations_iPad = "UIInterfaceOrientationPortrait UIInterfaceOrientationPortraitUpsideDown UIInterfaceOrientationLandscapeLeft UIInterfaceOrientationLandscapeRight";
				INFOPLIST_KEY_UISupportedInterfaceOrientations_iPhone = "UIInterfaceOrientationPortrait UIInterfaceOrientationLandscapeLeft UIInterfaceOrientationLandscapeRight";
				IPHONEOS_DEPLOYMENT_TARGET = 14.0;
				LD_RUNPATH_SEARCH_PATHS = (
					"$(inherited)",
					"@executable_path/Frameworks",
				);
				MARKETING_VERSION = 1.0;
				PRODUCT_BUNDLE_IDENTIFIER = com.dofuulive.iosapp.duplicated;
				PRODUCT_NAME = "$(TARGET_NAME)";
				SWIFT_EMIT_LOC_STRINGS = YES;
				SWIFT_VERSION = 5.0;
				TARGETED_DEVICE_FAMILY = "1,2";
			};
			name = Release;
		};
/* End XCBuildConfiguration section */

/* Begin XCConfigurationList section */
		490956A72AC412870067EF05 /* Build configuration list for PBXProject "DuplicatedApps" */ = {
			isa = XCConfigurationList;
			buildConfigurations = (
				490956C12AC412880067EF05 /* Debug */,
				490956C22AC412880067EF05 /* Release */,
			);
			defaultConfigurationIsVisible = 0;
			defaultConfigurationName = Release;
		};
		490956C32AC412880067EF05 /* Build configuration list for PBXNativeTarget "DuplicatedApps" */ = {
			isa = XCConfigurationList;
			buildConfigurations = (
				490956C42AC412880067EF05 /* Debug */,
				490956C52AC412880067EF05 /* Release */,
			);
			defaultConfigurationIsVisible = 0;
			defaultConfigurationName = Release;
		};
/* End XCConfigurationList section */

/* Begin XCVersionGroup section */
		490956B82AC412880067EF05 /* DuplicatedApps.xcdatamodeld */ = {
			isa = XCVersionGroup;
			children = (
				490956B92AC412880067EF05 /* DuplicatedApps.xcdatamodel */,
			);
			currentVersion = 490956B92AC412880067EF05 /* DuplicatedApps.xcdatamodel */;
			path = DuplicatedApps.xcdatamodeld;
			sourceTree = "<group>";
			versionGroupType = wrapper.xcdatamodel;
		};
/* End XCVersionGroup section */
	};
	rootObject = 490956A42AC412870067EF05 /* Project object */;
}
